// !$*UTF8*$!
{
	archiveVersion = 1;
	classes = {
	};
	objectVersion = 54;
	objects = {

/* Begin PBXBuildFile section */
		46231C5B24DAF4A500A06E1B /* CatalogItem.swift in Sources */ = {isa = PBXBuildFile; fileRef = 46231C5A24DAF4A500A06E1B /* CatalogItem.swift */; };
		46231C5C24DAF4A500A06E1B /* CatalogItem.swift in Sources */ = {isa = PBXBuildFile; fileRef = 46231C5A24DAF4A500A06E1B /* CatalogItem.swift */; };
		46231C5D24DAFF8100A06E1B /* MobileReaderDetails.swift in Sources */ = {isa = PBXBuildFile; fileRef = 46C3ECC624CF551F005B4790 /* MobileReaderDetails.swift */; };
		466BBA5424E7676C00EAEBBB /* ChipDnaDriver.swift in Sources */ = {isa = PBXBuildFile; fileRef = D71B6F90239E971A007FB7C4 /* ChipDnaDriver.swift */; };
		46C3ECC724CF551F005B4790 /* MobileReaderDetails.swift in Sources */ = {isa = PBXBuildFile; fileRef = 46C3ECC624CF551F005B4790 /* MobileReaderDetails.swift */; };
		593A7FAC24600FEF00D78874 /* CoreBluetooth.framework in Frameworks */ = {isa = PBXBuildFile; fileRef = D793091123D256690066FCA2 /* CoreBluetooth.framework */; };
		593A7FD7246878B700D78874 /* AsyncFilter.swift in Sources */ = {isa = PBXBuildFile; fileRef = 593A7FD6246878B700D78874 /* AsyncFilter.swift */; };
		593A7FD8246878B700D78874 /* AsyncFilter.swift in Sources */ = {isa = PBXBuildFile; fileRef = 593A7FD6246878B700D78874 /* AsyncFilter.swift */; };
		593A7FDB2468956000D78874 /* AsyncFilterTests.swift in Sources */ = {isa = PBXBuildFile; fileRef = 593A7FDA2468956000D78874 /* AsyncFilterTests.swift */; };
		594466AB249C5BDC00C6CFD8 /* CancelCurrentTransaction.swift in Sources */ = {isa = PBXBuildFile; fileRef = 594466AA249C5BDC00C6CFD8 /* CancelCurrentTransaction.swift */; };
		594466AC249C5BDC00C6CFD8 /* CancelCurrentTransaction.swift in Sources */ = {isa = PBXBuildFile; fileRef = 594466AA249C5BDC00C6CFD8 /* CancelCurrentTransaction.swift */; };
		594466AE249E94F800C6CFD8 /* MobileReaderConnectionStatusDelegate.swift in Sources */ = {isa = PBXBuildFile; fileRef = 594466AD249E94F800C6CFD8 /* MobileReaderConnectionStatusDelegate.swift */; };
		594466AF249E94F800C6CFD8 /* MobileReaderConnectionStatusDelegate.swift in Sources */ = {isa = PBXBuildFile; fileRef = 594466AD249E94F800C6CFD8 /* MobileReaderConnectionStatusDelegate.swift */; };
		594466B1249E993C00C6CFD8 /* MobileReaderConnectionStatus.swift in Sources */ = {isa = PBXBuildFile; fileRef = 594466B0249E993C00C6CFD8 /* MobileReaderConnectionStatus.swift */; };
		594466B2249E993C00C6CFD8 /* MobileReaderConnectionStatus.swift in Sources */ = {isa = PBXBuildFile; fileRef = 594466B0249E993C00C6CFD8 /* MobileReaderConnectionStatus.swift */; };
		594466B324A09D4C00C6CFD8 /* TransactionUpdateDelegate.swift in Sources */ = {isa = PBXBuildFile; fileRef = 597BEA47247FE205009319D6 /* TransactionUpdateDelegate.swift */; };
		594466B424A09E4200C6CFD8 /* TransactionUpdate.swift in Sources */ = {isa = PBXBuildFile; fileRef = 59561817248C3FBD00E622B6 /* TransactionUpdate.swift */; };
		59561818248C3FBD00E622B6 /* TransactionUpdate.swift in Sources */ = {isa = PBXBuildFile; fileRef = 59561817248C3FBD00E622B6 /* TransactionUpdate.swift */; };
		596611A725E6CE8400AEDB2E /* UserNotificationListener.swift in Sources */ = {isa = PBXBuildFile; fileRef = 596611A625E6CE8400AEDB2E /* UserNotificationListener.swift */; };
		596611A825E6CE8400AEDB2E /* UserNotificationListener.swift in Sources */ = {isa = PBXBuildFile; fileRef = 596611A625E6CE8400AEDB2E /* UserNotificationListener.swift */; };
		596611AB25E6D19200AEDB2E /* UserNotification.swift in Sources */ = {isa = PBXBuildFile; fileRef = 596611A525E6CD7800AEDB2E /* UserNotification.swift */; };
		596611AD25E6D19300AEDB2E /* UserNotification.swift in Sources */ = {isa = PBXBuildFile; fileRef = 596611A525E6CD7800AEDB2E /* UserNotification.swift */; };
		597BEA48247FE205009319D6 /* TransactionUpdateDelegate.swift in Sources */ = {isa = PBXBuildFile; fileRef = 597BEA47247FE205009319D6 /* TransactionUpdateDelegate.swift */; };
		597BEA4B2480C4C9009319D6 /* TransactionGateway.swift in Sources */ = {isa = PBXBuildFile; fileRef = 597BEA4A2480C4C9009319D6 /* TransactionGateway.swift */; };
		597BEA4D2480D892009319D6 /* ChipDnaXMLTransactionParser.swift in Sources */ = {isa = PBXBuildFile; fileRef = 597BEA4C2480D892009319D6 /* ChipDnaXMLTransactionParser.swift */; };
		597BEA4E2480D892009319D6 /* ChipDnaXMLTransactionParser.swift in Sources */ = {isa = PBXBuildFile; fileRef = 597BEA4C2480D892009319D6 /* ChipDnaXMLTransactionParser.swift */; };
		597BEA5124851B7D009319D6 /* ChipDnaXMLTransactionParserTests.swift in Sources */ = {isa = PBXBuildFile; fileRef = 597BEA5024851B7D009319D6 /* ChipDnaXMLTransactionParserTests.swift */; };
		597BEA5324851BA9009319D6 /* ChipDnaTransctionXMLResponse.swift in Sources */ = {isa = PBXBuildFile; fileRef = 597BEA5224851BA9009319D6 /* ChipDnaTransctionXMLResponse.swift */; };
		5993C25A2076BD16004DDA9F /* Networking.swift in Sources */ = {isa = PBXBuildFile; fileRef = 5993C2592076BD16004DDA9F /* Networking.swift */; };
		5993C25C2076BD68004DDA9F /* PaymentMethod.swift in Sources */ = {isa = PBXBuildFile; fileRef = 5993C25B2076BD68004DDA9F /* PaymentMethod.swift */; };
		5993C25E2076BD73004DDA9F /* CreditCard.swift in Sources */ = {isa = PBXBuildFile; fileRef = 5993C25D2076BD73004DDA9F /* CreditCard.swift */; };
		5993C2642077A687004DDA9F /* BankAccount.swift in Sources */ = {isa = PBXBuildFile; fileRef = 5993C2632077A687004DDA9F /* BankAccount.swift */; };
		5993C2662077B4EE004DDA9F /* BankHolderType.swift in Sources */ = {isa = PBXBuildFile; fileRef = 5993C2652077B4EE004DDA9F /* BankHolderType.swift */; };
		5993C2682077B6B6004DDA9F /* PaymentMethodType.swift in Sources */ = {isa = PBXBuildFile; fileRef = 5993C2672077B6B6004DDA9F /* PaymentMethodType.swift */; };
		59F1FF3F24742F3F00019E06 /* TakeMobileReaderPaymentTests.swift in Sources */ = {isa = PBXBuildFile; fileRef = 59F1FF3E24742F3F00019E06 /* TakeMobileReaderPaymentTests.swift */; };
		A7AF20812C2B2CF500DA07DE /* BBDevice-BT-3.27.0.xcframework in Frameworks */ = {isa = PBXBuildFile; fileRef = A7AF20582C2B2CF500DA07DE /* BBDevice-BT-3.27.0.xcframework */; };
		A7AF20822C2B2CF500DA07DE /* BBDeviceOTA-1.6.13.xcframework in Frameworks */ = {isa = PBXBuildFile; fileRef = A7AF20592C2B2CF500DA07DE /* BBDeviceOTA-1.6.13.xcframework */; };
		A7AF20832C2B2CF500DA07DE /* CHCVSParser-Licence.txt in Resources */ = {isa = PBXBuildFile; fileRef = A7AF205B2C2B2CF500DA07DE /* CHCVSParser-Licence.txt */; };
		A7AF20842C2B2CF500DA07DE /* SOAPDelegate.h in Headers */ = {isa = PBXBuildFile; fileRef = A7AF205C2C2B2CF500DA07DE /* SOAPDelegate.h */; settings = {ATTRIBUTES = (Public, ); }; };
		A7AF20852C2B2CF500DA07DE /* SOAPEnums.h in Headers */ = {isa = PBXBuildFile; fileRef = A7AF205D2C2B2CF500DA07DE /* SOAPEnums.h */; settings = {ATTRIBUTES = (Public, ); }; };
		A7AF20862C2B2CF500DA07DE /* SOAPExtendedTransaction.h in Headers */ = {isa = PBXBuildFile; fileRef = A7AF205E2C2B2CF500DA07DE /* SOAPExtendedTransaction.h */; settings = {ATTRIBUTES = (Public, ); }; };
		A7AF20872C2B2CF500DA07DE /* SOAPTransaction.h in Headers */ = {isa = PBXBuildFile; fileRef = A7AF205F2C2B2CF500DA07DE /* SOAPTransaction.h */; settings = {ATTRIBUTES = (Public, ); }; };
		A7AF20882C2B2CF500DA07DE /* SOAPTransactionHistory.h in Headers */ = {isa = PBXBuildFile; fileRef = A7AF20602C2B2CF500DA07DE /* SOAPTransactionHistory.h */; settings = {ATTRIBUTES = (Public, ); }; };
		A7AF20892C2B2CF500DA07DE /* SOAPTransactionStatistics.h in Headers */ = {isa = PBXBuildFile; fileRef = A7AF20612C2B2CF500DA07DE /* SOAPTransactionStatistics.h */; settings = {ATTRIBUTES = (Public, ); }; };
		A7AF208A2C2B2CF500DA07DE /* libsqlcipher-4.5.0.a in Frameworks */ = {isa = PBXBuildFile; fileRef = A7AF20632C2B2CF500DA07DE /* libsqlcipher-4.5.0.a */; };
		A7AF208B2C2B2CF500DA07DE /* SQLCipher-Licence.txt in Resources */ = {isa = PBXBuildFile; fileRef = A7AF20642C2B2CF500DA07DE /* SQLCipher-Licence.txt */; };
		A7AF208C2C2B2CF500DA07DE /* sqlite3.h in Headers */ = {isa = PBXBuildFile; fileRef = A7AF20652C2B2CF500DA07DE /* sqlite3.h */; settings = {ATTRIBUTES = (Public, ); }; };
		A7AF208D2C2B2CF500DA07DE /* CardApplication.h in Headers */ = {isa = PBXBuildFile; fileRef = A7AF20672C2B2CF500DA07DE /* CardApplication.h */; settings = {ATTRIBUTES = (Public, ); }; };
		A7AF208E2C2B2CF500DA07DE /* CCCardHash.h in Headers */ = {isa = PBXBuildFile; fileRef = A7AF20682C2B2CF500DA07DE /* CCCardHash.h */; settings = {ATTRIBUTES = (Public, ); }; };
		A7AF208F2C2B2CF500DA07DE /* CCCardSchemeIdEnum.h in Headers */ = {isa = PBXBuildFile; fileRef = A7AF20692C2B2CF500DA07DE /* CCCardSchemeIdEnum.h */; settings = {ATTRIBUTES = (Public, ); }; };
		A7AF20902C2B2CF500DA07DE /* CCParameters.h in Headers */ = {isa = PBXBuildFile; fileRef = A7AF206A2C2B2CF500DA07DE /* CCParameters.h */; settings = {ATTRIBUTES = (Public, ); }; };
		A7AF20912C2B2CF500DA07DE /* ChipDnaMobile.h in Headers */ = {isa = PBXBuildFile; fileRef = A7AF206B2C2B2CF500DA07DE /* ChipDnaMobile.h */; settings = {ATTRIBUTES = (Public, ); }; };
		A7AF20922C2B2CF500DA07DE /* ChipDnaMobileSerializer.h in Headers */ = {isa = PBXBuildFile; fileRef = A7AF206C2C2B2CF500DA07DE /* ChipDnaMobileSerializer.h */; settings = {ATTRIBUTES = (Public, ); }; };
		A7AF20932C2B2CF500DA07DE /* ChipDnaMobileUtils.h in Headers */ = {isa = PBXBuildFile; fileRef = A7AF206D2C2B2CF500DA07DE /* ChipDnaMobileUtils.h */; settings = {ATTRIBUTES = (Public, ); }; };
		A7AF20942C2B2CF500DA07DE /* Currency.h in Headers */ = {isa = PBXBuildFile; fileRef = A7AF206E2C2B2CF500DA07DE /* Currency.h */; settings = {ATTRIBUTES = (Public, ); }; };
		A7AF20952C2B2CF500DA07DE /* DeviceStatus.h in Headers */ = {isa = PBXBuildFile; fileRef = A7AF206F2C2B2CF500DA07DE /* DeviceStatus.h */; settings = {ATTRIBUTES = (Public, ); }; };
		A7AF20962C2B2CF500DA07DE /* ErrorCodes.h in Headers */ = {isa = PBXBuildFile; fileRef = A7AF20702C2B2CF500DA07DE /* ErrorCodes.h */; settings = {ATTRIBUTES = (Public, ); }; };
		A7AF20972C2B2CF500DA07DE /* IDTech.xcframework in Frameworks */ = {isa = PBXBuildFile; fileRef = A7AF20712C2B2CF500DA07DE /* IDTech.xcframework */; };
		A7AF20982C2B2CF500DA07DE /* JailbreakChecker.h in Headers */ = {isa = PBXBuildFile; fileRef = A7AF20722C2B2CF500DA07DE /* JailbreakChecker.h */; settings = {ATTRIBUTES = (Public, ); }; };
		A7AF20992C2B2CF500DA07DE /* libCardEaseXml.a in Frameworks */ = {isa = PBXBuildFile; fileRef = A7AF20732C2B2CF500DA07DE /* libCardEaseXml.a */; };
		A7AF209A2C2B2CF500DA07DE /* libChipDnaMobileAPI.a in Frameworks */ = {isa = PBXBuildFile; fileRef = A7AF20742C2B2CF500DA07DE /* libChipDnaMobileAPI.a */; };
		A7AF209B2C2B2CF500DA07DE /* Merchant.h in Headers */ = {isa = PBXBuildFile; fileRef = A7AF20752C2B2CF500DA07DE /* Merchant.h */; settings = {ATTRIBUTES = (Public, ); }; };
		A7AF209C2C2B2CF500DA07DE /* MerchantData.h in Headers */ = {isa = PBXBuildFile; fileRef = A7AF20762C2B2CF500DA07DE /* MerchantData.h */; settings = {ATTRIBUTES = (Public, ); }; };
		A7AF209D2C2B2CF500DA07DE /* PaymentPlatformStatus.h in Headers */ = {isa = PBXBuildFile; fileRef = A7AF20772C2B2CF500DA07DE /* PaymentPlatformStatus.h */; settings = {ATTRIBUTES = (Public, ); }; };
		A7AF209E2C2B2CF500DA07DE /* ReceiptField.h in Headers */ = {isa = PBXBuildFile; fileRef = A7AF20782C2B2CF500DA07DE /* ReceiptField.h */; settings = {ATTRIBUTES = (Public, ); }; };
		A7AF209F2C2B2CF500DA07DE /* RequestQueueStatus.h in Headers */ = {isa = PBXBuildFile; fileRef = A7AF20792C2B2CF500DA07DE /* RequestQueueStatus.h */; settings = {ATTRIBUTES = (Public, ); }; };
		A7AF20A02C2B2CF500DA07DE /* TerminalStatus.h in Headers */ = {isa = PBXBuildFile; fileRef = A7AF207A2C2B2CF500DA07DE /* TerminalStatus.h */; settings = {ATTRIBUTES = (Public, ); }; };
		A7AF20A12C2B2CF500DA07DE /* TmsStatus.h in Headers */ = {isa = PBXBuildFile; fileRef = A7AF207B2C2B2CF500DA07DE /* TmsStatus.h */; settings = {ATTRIBUTES = (Public, ); }; };
		A7AF20A22C2B2CF500DA07DE /* TransactionTypeIDEnum.h in Headers */ = {isa = PBXBuildFile; fileRef = A7AF207C2C2B2CF500DA07DE /* TransactionTypeIDEnum.h */; settings = {ATTRIBUTES = (Public, ); }; };
		A7AF20A32C2B2CF500DA07DE /* TransactionUpdates.h in Headers */ = {isa = PBXBuildFile; fileRef = A7AF207D2C2B2CF500DA07DE /* TransactionUpdates.h */; settings = {ATTRIBUTES = (Public, ); }; };
		A7AF20A42C2B2CF500DA07DE /* UserNotification.h in Headers */ = {isa = PBXBuildFile; fileRef = A7AF207E2C2B2CF500DA07DE /* UserNotification.h */; settings = {ATTRIBUTES = (Public, ); }; };
		A7AF20A52C2B2CF500DA07DE /* VersionInformation.h in Headers */ = {isa = PBXBuildFile; fileRef = A7AF207F2C2B2CF500DA07DE /* VersionInformation.h */; settings = {ATTRIBUTES = (Public, ); }; };
		D702B7BD23C8D0DD00B8AB79 /* OmniApi.swift in Sources */ = {isa = PBXBuildFile; fileRef = D702B7BC23C8D0DD00B8AB79 /* OmniApi.swift */; };
		D702B7CC23C8F80200B8AB79 /* PaymentMethod.swift in Sources */ = {isa = PBXBuildFile; fileRef = 5993C25B2076BD68004DDA9F /* PaymentMethod.swift */; };
		D702B7CD23C8F80200B8AB79 /* CreditCard.swift in Sources */ = {isa = PBXBuildFile; fileRef = 5993C25D2076BD73004DDA9F /* CreditCard.swift */; };
		D702B7CE23C8F80200B8AB79 /* BankAccount.swift in Sources */ = {isa = PBXBuildFile; fileRef = 5993C2632077A687004DDA9F /* BankAccount.swift */; };
		D702B7CF23C8F80200B8AB79 /* BankHolderType.swift in Sources */ = {isa = PBXBuildFile; fileRef = 5993C2652077B4EE004DDA9F /* BankHolderType.swift */; };
		D702B7D023C8F80200B8AB79 /* PaymentMethodType.swift in Sources */ = {isa = PBXBuildFile; fileRef = 5993C2672077B6B6004DDA9F /* PaymentMethodType.swift */; };
		D702B7D123C8F80200B8AB79 /* Networking.swift in Sources */ = {isa = PBXBuildFile; fileRef = 5993C2592076BD16004DDA9F /* Networking.swift */; };
		D71B6F91239E971A007FB7C4 /* ChipDnaDriver.swift in Sources */ = {isa = PBXBuildFile; fileRef = D71B6F90239E971A007FB7C4 /* ChipDnaDriver.swift */; };
		D71DDE7E28979D9F00D4C42E /* String+Blank.swift in Sources */ = {isa = PBXBuildFile; fileRef = D71DDE7D28979D9F00D4C42E /* String+Blank.swift */; };
		D71DDE7F28979D9F00D4C42E /* String+Blank.swift in Sources */ = {isa = PBXBuildFile; fileRef = D71DDE7D28979D9F00D4C42E /* String+Blank.swift */; };
		D73BBCF2244D697F0052B525 /* GetConnectedMobileReader.swift in Sources */ = {isa = PBXBuildFile; fileRef = D73BBCF1244D697F0052B525 /* GetConnectedMobileReader.swift */; };
		D73BBCF3244D697F0052B525 /* GetConnectedMobileReader.swift in Sources */ = {isa = PBXBuildFile; fileRef = D73BBCF1244D697F0052B525 /* GetConnectedMobileReader.swift */; };
		D73BBCF5244D7F380052B525 /* DisconnectMobileReader.swift in Sources */ = {isa = PBXBuildFile; fileRef = D73BBCF4244D7F380052B525 /* DisconnectMobileReader.swift */; };
		D73BBCF7244D805C0052B525 /* DisconnectMobileReaderTests.swift in Sources */ = {isa = PBXBuildFile; fileRef = D73BBCF6244D805C0052B525 /* DisconnectMobileReaderTests.swift */; };
		D73BBCF9244D81210052B525 /* DisconnectMobileReader.swift in Sources */ = {isa = PBXBuildFile; fileRef = D73BBCF4244D7F380052B525 /* DisconnectMobileReader.swift */; };
		D760D82823D87F5D0075057C /* InvoiceJson.swift in Sources */ = {isa = PBXBuildFile; fileRef = D760D82723D87F5D0075057C /* InvoiceJson.swift */; };
		D760D82A23D884680075057C /* CustomerJson.swift in Sources */ = {isa = PBXBuildFile; fileRef = D760D82923D884680075057C /* CustomerJson.swift */; };
		D760D82C23D884F70075057C /* PaymentMethodJson.swift in Sources */ = {isa = PBXBuildFile; fileRef = D760D82B23D884F70075057C /* PaymentMethodJson.swift */; };
		D760D82F23D885250075057C /* TransactionJson.swift in Sources */ = {isa = PBXBuildFile; fileRef = D760D82E23D885250075057C /* TransactionJson.swift */; };
		D765D46623CC465800656040 /* Customer.swift in Sources */ = {isa = PBXBuildFile; fileRef = D765D46523CC465800656040 /* Customer.swift */; };
		D765D46723CC465800656040 /* Customer.swift in Sources */ = {isa = PBXBuildFile; fileRef = D765D46523CC465800656040 /* Customer.swift */; };
		D765D46923CC467100656040 /* Model.swift in Sources */ = {isa = PBXBuildFile; fileRef = D765D46823CC467100656040 /* Model.swift */; };
		D765D46A23CC467100656040 /* Model.swift in Sources */ = {isa = PBXBuildFile; fileRef = D765D46823CC467100656040 /* Model.swift */; };
		D765D46C23CC478000656040 /* Invoice.swift in Sources */ = {isa = PBXBuildFile; fileRef = D765D46B23CC478000656040 /* Invoice.swift */; };
		D765D46D23CC478000656040 /* Invoice.swift in Sources */ = {isa = PBXBuildFile; fileRef = D765D46B23CC478000656040 /* Invoice.swift */; };
		D765D46F23CC488000656040 /* Merchant.swift in Sources */ = {isa = PBXBuildFile; fileRef = D765D46E23CC488000656040 /* Merchant.swift */; };
		D765D47023CC488000656040 /* Merchant.swift in Sources */ = {isa = PBXBuildFile; fileRef = D765D46E23CC488000656040 /* Merchant.swift */; };
		D765D47223CC49C800656040 /* Self.swift in Sources */ = {isa = PBXBuildFile; fileRef = D765D47123CC49C800656040 /* Self.swift */; };
		D765D47323CC49C800656040 /* Self.swift in Sources */ = {isa = PBXBuildFile; fileRef = D765D47123CC49C800656040 /* Self.swift */; };
		D765D47523CC4A1400656040 /* Transaction.swift in Sources */ = {isa = PBXBuildFile; fileRef = D765D47423CC4A1400656040 /* Transaction.swift */; };
		D765D47623CC4A1400656040 /* Transaction.swift in Sources */ = {isa = PBXBuildFile; fileRef = D765D47423CC4A1400656040 /* Transaction.swift */; };
		D765D47923CC4B1100656040 /* CustomerRepository.swift in Sources */ = {isa = PBXBuildFile; fileRef = D765D47823CC4B1100656040 /* CustomerRepository.swift */; };
		D765D47A23CC4B1100656040 /* CustomerRepository.swift in Sources */ = {isa = PBXBuildFile; fileRef = D765D47823CC4B1100656040 /* CustomerRepository.swift */; };
		D765D47C23CCBB0500656040 /* ModelRepository.swift in Sources */ = {isa = PBXBuildFile; fileRef = D765D47B23CCBB0500656040 /* ModelRepository.swift */; };
		D765D47D23CCBB0500656040 /* ModelRepository.swift in Sources */ = {isa = PBXBuildFile; fileRef = D765D47B23CCBB0500656040 /* ModelRepository.swift */; };
		D765D47F23CCBBFD00656040 /* OmniException.swift in Sources */ = {isa = PBXBuildFile; fileRef = D765D47E23CCBBFD00656040 /* OmniException.swift */; };
		D765D48023CCBBFD00656040 /* OmniException.swift in Sources */ = {isa = PBXBuildFile; fileRef = D765D47E23CCBBFD00656040 /* OmniException.swift */; };
		D765D48423CE41A500656040 /* JSONValue.swift in Sources */ = {isa = PBXBuildFile; fileRef = D765D48323CE41A500656040 /* JSONValue.swift */; };
		D765D48523CE41A500656040 /* JSONValue.swift in Sources */ = {isa = PBXBuildFile; fileRef = D765D48323CE41A500656040 /* JSONValue.swift */; };
		D765D48823CE422400656040 /* JSONValueTest.swift in Sources */ = {isa = PBXBuildFile; fileRef = D765D48623CE422400656040 /* JSONValueTest.swift */; };
		D765D49123CE6A3D00656040 /* MerchantJson.swift in Sources */ = {isa = PBXBuildFile; fileRef = D765D49023CE6A3D00656040 /* MerchantJson.swift */; };
		D765D49623CFC1A000656040 /* InvoiceRepository.swift in Sources */ = {isa = PBXBuildFile; fileRef = D765D49523CFC1A000656040 /* InvoiceRepository.swift */; };
		D765D49723CFC1A000656040 /* InvoiceRepository.swift in Sources */ = {isa = PBXBuildFile; fileRef = D765D49523CFC1A000656040 /* InvoiceRepository.swift */; };
		D765D49923CFC22600656040 /* PaymentMethodRepository.swift in Sources */ = {isa = PBXBuildFile; fileRef = D765D49823CFC22600656040 /* PaymentMethodRepository.swift */; };
		D765D49A23CFC22600656040 /* PaymentMethodRepository.swift in Sources */ = {isa = PBXBuildFile; fileRef = D765D49823CFC22600656040 /* PaymentMethodRepository.swift */; };
		D765D49C23CFC32200656040 /* TransactionRepository.swift in Sources */ = {isa = PBXBuildFile; fileRef = D765D49B23CFC32200656040 /* TransactionRepository.swift */; };
		D765D49D23CFC32200656040 /* TransactionRepository.swift in Sources */ = {isa = PBXBuildFile; fileRef = D765D49B23CFC32200656040 /* TransactionRepository.swift */; };
		D765D49F23CFCA1400656040 /* Amount.swift in Sources */ = {isa = PBXBuildFile; fileRef = D765D49E23CFCA1400656040 /* Amount.swift */; };
		D765D4A023CFCA1400656040 /* Amount.swift in Sources */ = {isa = PBXBuildFile; fileRef = D765D49E23CFCA1400656040 /* Amount.swift */; };
		D7692F1923E4B00500CB0954 /* OmniTest.swift in Sources */ = {isa = PBXBuildFile; fileRef = D7692F1823E4B00500CB0954 /* OmniTest.swift */; };
		D7692F1A23E4B03200CB0954 /* Omni.swift in Sources */ = {isa = PBXBuildFile; fileRef = D79308C623D1045C0066FCA2 /* Omni.swift */; };
		D7692F1B23E4B49B00CB0954 /* MobileReaderDriverRepository.swift in Sources */ = {isa = PBXBuildFile; fileRef = D79308B223D0AAD00066FCA2 /* MobileReaderDriverRepository.swift */; };
		D7692F2423E4B6BA00CB0954 /* MockMobileReaderDriverRepository.swift in Sources */ = {isa = PBXBuildFile; fileRef = D7692F2323E4B6BA00CB0954 /* MockMobileReaderDriverRepository.swift */; };
		D7801BF0241F256A00A93001 /* ModelRepository+EndpointDefaultImpl.swift in Sources */ = {isa = PBXBuildFile; fileRef = D7801BEF241F256A00A93001 /* ModelRepository+EndpointDefaultImpl.swift */; };
		D7801BF2241F264400A93001 /* MockModelRepository.swift in Sources */ = {isa = PBXBuildFile; fileRef = D7801BF1241F264400A93001 /* MockModelRepository.swift */; };
		D7801BF4241F26E200A93001 /* ModelRepository+DefaultImpl.swift in Sources */ = {isa = PBXBuildFile; fileRef = D7801BF3241F26E200A93001 /* ModelRepository+DefaultImpl.swift */; };
		D7801BFF241F303600A93001 /* MockPaymentMethodRepository.swift in Sources */ = {isa = PBXBuildFile; fileRef = D7801BFE241F303600A93001 /* MockPaymentMethodRepository.swift */; };
		D7801C00241F355300A93001 /* OmniApi.swift in Sources */ = {isa = PBXBuildFile; fileRef = D702B7BC23C8D0DD00B8AB79 /* OmniApi.swift */; };
		D7801C01241F35FE00A93001 /* MockOmniApi.swift in Sources */ = {isa = PBXBuildFile; fileRef = D7720E48241761050064DBDC /* MockOmniApi.swift */; };
		D781037F23D9F85100256F2F /* PaginatedData.swift in Sources */ = {isa = PBXBuildFile; fileRef = D781037E23D9F85100256F2F /* PaginatedData.swift */; };
		D781038023D9F85100256F2F /* PaginatedData.swift in Sources */ = {isa = PBXBuildFile; fileRef = D781037E23D9F85100256F2F /* PaginatedData.swift */; };
		D783DAC02449E905007C0A17 /* ChargeRequest.swift in Sources */ = {isa = PBXBuildFile; fileRef = D783DABF2449E905007C0A17 /* ChargeRequest.swift */; };
		D783DAC12449E905007C0A17 /* ChargeRequest.swift in Sources */ = {isa = PBXBuildFile; fileRef = D783DABF2449E905007C0A17 /* ChargeRequest.swift */; };
		D783DAC42449F35E007C0A17 /* TakePaymentTests.swift in Sources */ = {isa = PBXBuildFile; fileRef = D783DAC32449F35E007C0A17 /* TakePaymentTests.swift */; };
		D78FA930240EACA200398D81 /* Fattmerchant.h in Headers */ = {isa = PBXBuildFile; fileRef = D78FA92F240EACA200398D81 /* Fattmerchant.h */; settings = {ATTRIBUTES = (Public, ); }; };
		D78FA932240EF48B00398D81 /* SignatureProviding.swift in Sources */ = {isa = PBXBuildFile; fileRef = D78FA931240EF48B00398D81 /* SignatureProviding.swift */; };
		D78FA933240EF48B00398D81 /* SignatureProviding.swift in Sources */ = {isa = PBXBuildFile; fileRef = D78FA931240EF48B00398D81 /* SignatureProviding.swift */; };
		D79308A023D0A1B50066FCA2 /* AmountTests.swift in Sources */ = {isa = PBXBuildFile; fileRef = D793089F23D0A1B50066FCA2 /* AmountTests.swift */; };
		D79308A423D0A8B10066FCA2 /* MobileReader.swift in Sources */ = {isa = PBXBuildFile; fileRef = D79308A323D0A8B10066FCA2 /* MobileReader.swift */; };
		D79308A523D0A8B10066FCA2 /* MobileReader.swift in Sources */ = {isa = PBXBuildFile; fileRef = D79308A323D0A8B10066FCA2 /* MobileReader.swift */; };
		D79308A723D0A9050066FCA2 /* MobileReaderDriver.swift in Sources */ = {isa = PBXBuildFile; fileRef = D79308A623D0A9050066FCA2 /* MobileReaderDriver.swift */; };
		D79308A823D0A9050066FCA2 /* MobileReaderDriver.swift in Sources */ = {isa = PBXBuildFile; fileRef = D79308A623D0A9050066FCA2 /* MobileReaderDriver.swift */; };
		D79308AA23D0A9FB0066FCA2 /* TransactionRequest.swift in Sources */ = {isa = PBXBuildFile; fileRef = D79308A923D0A9FB0066FCA2 /* TransactionRequest.swift */; };
		D79308AB23D0A9FB0066FCA2 /* TransactionRequest.swift in Sources */ = {isa = PBXBuildFile; fileRef = D79308A923D0A9FB0066FCA2 /* TransactionRequest.swift */; };
		D79308AD23D0AA230066FCA2 /* TransactionResult.swift in Sources */ = {isa = PBXBuildFile; fileRef = D79308AC23D0AA230066FCA2 /* TransactionResult.swift */; };
		D79308AE23D0AA230066FCA2 /* TransactionResult.swift in Sources */ = {isa = PBXBuildFile; fileRef = D79308AC23D0AA230066FCA2 /* TransactionResult.swift */; };
		D79308B023D0AA9A0066FCA2 /* TransactionType.swift in Sources */ = {isa = PBXBuildFile; fileRef = D79308AF23D0AA9A0066FCA2 /* TransactionType.swift */; };
		D79308B123D0AA9A0066FCA2 /* TransactionType.swift in Sources */ = {isa = PBXBuildFile; fileRef = D79308AF23D0AA9A0066FCA2 /* TransactionType.swift */; };
		D79308B323D0AAD00066FCA2 /* MobileReaderDriverRepository.swift in Sources */ = {isa = PBXBuildFile; fileRef = D79308B223D0AAD00066FCA2 /* MobileReaderDriverRepository.swift */; };
		D79308B823D0AC3A0066FCA2 /* ConnectMobileReader.swift in Sources */ = {isa = PBXBuildFile; fileRef = D79308B723D0AC3A0066FCA2 /* ConnectMobileReader.swift */; };
		D79308BB23D0ADEF0066FCA2 /* InitializeDrivers.swift in Sources */ = {isa = PBXBuildFile; fileRef = D79308BA23D0ADEF0066FCA2 /* InitializeDrivers.swift */; };
		D79308BE23D0AF3D0066FCA2 /* TakeMobileReaderPayment.swift in Sources */ = {isa = PBXBuildFile; fileRef = D79308BD23D0AF3D0066FCA2 /* TakeMobileReaderPayment.swift */; };
		D79308C123D0E0B40066FCA2 /* SearchForReaders.swift in Sources */ = {isa = PBXBuildFile; fileRef = D79308C023D0E0B40066FCA2 /* SearchForReaders.swift */; };
		D79308C423D0E3C90066FCA2 /* RefundMobileReaderTransaction.swift in Sources */ = {isa = PBXBuildFile; fileRef = D79308C323D0E3C90066FCA2 /* RefundMobileReaderTransaction.swift */; };
		D79308C723D1045C0066FCA2 /* Omni.swift in Sources */ = {isa = PBXBuildFile; fileRef = D79308C623D1045C0066FCA2 /* Omni.swift */; };
		D79308CB23D229420066FCA2 /* ChipDnaUtils.swift in Sources */ = {isa = PBXBuildFile; fileRef = D79308CA23D229420066FCA2 /* ChipDnaUtils.swift */; };
		D79308D023D22D900066FCA2 /* ChipDnaTransactionListener.swift in Sources */ = {isa = PBXBuildFile; fileRef = D79308CF23D22D900066FCA2 /* ChipDnaTransactionListener.swift */; };
		D79308D223D22F480066FCA2 /* ChipDnaTransactionUserReference.swift in Sources */ = {isa = PBXBuildFile; fileRef = D79308D123D22F480066FCA2 /* ChipDnaTransactionUserReference.swift */; };
		D79308D423D24B680066FCA2 /* Endpoints.swift in Sources */ = {isa = PBXBuildFile; fileRef = D79308D323D24B680066FCA2 /* Endpoints.swift */; };
		D79308D523D24C880066FCA2 /* Endpoints.swift in Sources */ = {isa = PBXBuildFile; fileRef = D79308D323D24B680066FCA2 /* Endpoints.swift */; };
		D793090E23D256540066FCA2 /* AVFoundation.framework in Frameworks */ = {isa = PBXBuildFile; fileRef = D793090D23D256540066FCA2 /* AVFoundation.framework */; };
		D793091023D2565E0066FCA2 /* ExternalAccessory.framework in Frameworks */ = {isa = PBXBuildFile; fileRef = D793090F23D2565D0066FCA2 /* ExternalAccessory.framework */; };
		D793091423D256840066FCA2 /* CoreAudio.framework in Frameworks */ = {isa = PBXBuildFile; fileRef = D79308FE23D255260066FCA2 /* CoreAudio.framework */; };
		D7A28D612433E2CA00FC8872 /* TakePayment.swift in Sources */ = {isa = PBXBuildFile; fileRef = D7A28D602433E2CA00FC8872 /* TakePayment.swift */; };
		D7A28D622433E2CA00FC8872 /* TakePayment.swift in Sources */ = {isa = PBXBuildFile; fileRef = D7A28D602433E2CA00FC8872 /* TakePayment.swift */; };
		D7A28D642436278600FC8872 /* TokenizePaymentMethod.swift in Sources */ = {isa = PBXBuildFile; fileRef = D7A28D632436278600FC8872 /* TokenizePaymentMethod.swift */; };
		D7A28D652436278600FC8872 /* TokenizePaymentMethod.swift in Sources */ = {isa = PBXBuildFile; fileRef = D7A28D632436278600FC8872 /* TokenizePaymentMethod.swift */; };
		D7B7110623D588F800EF98DB /* AudioToolbox.framework in Frameworks */ = {isa = PBXBuildFile; fileRef = D793090523D255430066FCA2 /* AudioToolbox.framework */; };
		D7B7110723D5890600EF98DB /* MediaPlayer.framework in Frameworks */ = {isa = PBXBuildFile; fileRef = D793091523D2568D0066FCA2 /* MediaPlayer.framework */; };
		D7B7113B23D63B0D00EF98DB /* Environment.swift in Sources */ = {isa = PBXBuildFile; fileRef = D7B7113A23D63B0D00EF98DB /* Environment.swift */; };
		D7B7113C23D63B0D00EF98DB /* Environment.swift in Sources */ = {isa = PBXBuildFile; fileRef = D7B7113A23D63B0D00EF98DB /* Environment.swift */; };
		D7C17B2223E4BA200031D9BB /* ConnectMobileReader.swift in Sources */ = {isa = PBXBuildFile; fileRef = D79308B723D0AC3A0066FCA2 /* ConnectMobileReader.swift */; };
		D7C17B2323E4BA200031D9BB /* InitializeDrivers.swift in Sources */ = {isa = PBXBuildFile; fileRef = D79308BA23D0ADEF0066FCA2 /* InitializeDrivers.swift */; };
		D7C17B2423E4BA200031D9BB /* TakeMobileReaderPayment.swift in Sources */ = {isa = PBXBuildFile; fileRef = D79308BD23D0AF3D0066FCA2 /* TakeMobileReaderPayment.swift */; };
		D7C17B2523E4BA200031D9BB /* SearchForReaders.swift in Sources */ = {isa = PBXBuildFile; fileRef = D79308C023D0E0B40066FCA2 /* SearchForReaders.swift */; };
		D7C17B2623E4BA200031D9BB /* RefundMobileReaderTransaction.swift in Sources */ = {isa = PBXBuildFile; fileRef = D79308C323D0E3C90066FCA2 /* RefundMobileReaderTransaction.swift */; };
		D7C17B2C23EA00EB0031D9BB /* MockDriver.swift in Sources */ = {isa = PBXBuildFile; fileRef = D7C17B2B23EA00EB0031D9BB /* MockDriver.swift */; };
		D7C17B2D23EA010F0031D9BB /* MockDriver.swift in Sources */ = {isa = PBXBuildFile; fileRef = D7C17B2B23EA00EB0031D9BB /* MockDriver.swift */; };
		D7D2C51E23F203F8001733A2 /* RefundMobileReaderTransactionTests.swift in Sources */ = {isa = PBXBuildFile; fileRef = D7D2C51C23F203CF001733A2 /* RefundMobileReaderTransactionTests.swift */; };
		D7E15C5626577CFA006D4EE7 /* CapturePreauthTransaction.swift in Sources */ = {isa = PBXBuildFile; fileRef = D7E15C5526577CFA006D4EE7 /* CapturePreauthTransaction.swift */; };
		D7E15C5726577CFA006D4EE7 /* CapturePreauthTransaction.swift in Sources */ = {isa = PBXBuildFile; fileRef = D7E15C5526577CFA006D4EE7 /* CapturePreauthTransaction.swift */; };
		D7E15C5926578C6E006D4EE7 /* VoidTransaction.swift in Sources */ = {isa = PBXBuildFile; fileRef = D7E15C5826578C6E006D4EE7 /* VoidTransaction.swift */; };
		D7E15C5A26578C6E006D4EE7 /* VoidTransaction.swift in Sources */ = {isa = PBXBuildFile; fileRef = D7E15C5826578C6E006D4EE7 /* VoidTransaction.swift */; };
/* End PBXBuildFile section */

/* Begin PBXCopyFilesBuildPhase section */
		A7CAB34D2C0FBEC30053CE4A /* Embed Frameworks */ = {
			isa = PBXCopyFilesBuildPhase;
			buildActionMask = 2147483647;
			dstPath = "";
			dstSubfolderSpec = 10;
			files = (
			);
			name = "Embed Frameworks";
			runOnlyForDeploymentPostprocessing = 0;
		};
/* End PBXCopyFilesBuildPhase section */

/* Begin PBXFileReference section */
		46231C5A24DAF4A500A06E1B /* CatalogItem.swift */ = {isa = PBXFileReference; lastKnownFileType = sourcecode.swift; path = CatalogItem.swift; sourceTree = "<group>"; };
		46C3ECC624CF551F005B4790 /* MobileReaderDetails.swift */ = {isa = PBXFileReference; lastKnownFileType = sourcecode.swift; path = MobileReaderDetails.swift; sourceTree = "<group>"; };
		591C2090206EB12F00C848DA /* Fattmerchant.framework */ = {isa = PBXFileReference; explicitFileType = wrapper.framework; includeInIndex = 0; path = Fattmerchant.framework; sourceTree = BUILT_PRODUCTS_DIR; };
		591C2094206EB12F00C848DA /* Info.plist */ = {isa = PBXFileReference; lastKnownFileType = text.plist.xml; path = Info.plist; sourceTree = "<group>"; };
		591C209F206EB26600C848DA /* FattmerchantTests.xctest */ = {isa = PBXFileReference; explicitFileType = wrapper.cfbundle; includeInIndex = 0; path = FattmerchantTests.xctest; sourceTree = BUILT_PRODUCTS_DIR; };
		591C20A3206EB26700C848DA /* Info.plist */ = {isa = PBXFileReference; lastKnownFileType = text.plist.xml; path = Info.plist; sourceTree = "<group>"; };
		593A7FD6246878B700D78874 /* AsyncFilter.swift */ = {isa = PBXFileReference; lastKnownFileType = sourcecode.swift; path = AsyncFilter.swift; sourceTree = "<group>"; };
		593A7FDA2468956000D78874 /* AsyncFilterTests.swift */ = {isa = PBXFileReference; lastKnownFileType = sourcecode.swift; path = AsyncFilterTests.swift; sourceTree = "<group>"; };
		594466AA249C5BDC00C6CFD8 /* CancelCurrentTransaction.swift */ = {isa = PBXFileReference; lastKnownFileType = sourcecode.swift; path = CancelCurrentTransaction.swift; sourceTree = "<group>"; };
		594466AD249E94F800C6CFD8 /* MobileReaderConnectionStatusDelegate.swift */ = {isa = PBXFileReference; lastKnownFileType = sourcecode.swift; path = MobileReaderConnectionStatusDelegate.swift; sourceTree = "<group>"; };
		594466B0249E993C00C6CFD8 /* MobileReaderConnectionStatus.swift */ = {isa = PBXFileReference; lastKnownFileType = sourcecode.swift; path = MobileReaderConnectionStatus.swift; sourceTree = "<group>"; };
		59561817248C3FBD00E622B6 /* TransactionUpdate.swift */ = {isa = PBXFileReference; lastKnownFileType = sourcecode.swift; path = TransactionUpdate.swift; sourceTree = "<group>"; };
		596611A525E6CD7800AEDB2E /* UserNotification.swift */ = {isa = PBXFileReference; lastKnownFileType = sourcecode.swift; path = UserNotification.swift; sourceTree = "<group>"; };
		596611A625E6CE8400AEDB2E /* UserNotificationListener.swift */ = {isa = PBXFileReference; lastKnownFileType = sourcecode.swift; path = UserNotificationListener.swift; sourceTree = "<group>"; };
		597BEA47247FE205009319D6 /* TransactionUpdateDelegate.swift */ = {isa = PBXFileReference; lastKnownFileType = sourcecode.swift; path = TransactionUpdateDelegate.swift; sourceTree = "<group>"; };
		597BEA4A2480C4C9009319D6 /* TransactionGateway.swift */ = {isa = PBXFileReference; lastKnownFileType = sourcecode.swift; path = TransactionGateway.swift; sourceTree = "<group>"; };
		597BEA4C2480D892009319D6 /* ChipDnaXMLTransactionParser.swift */ = {isa = PBXFileReference; lastKnownFileType = sourcecode.swift; path = ChipDnaXMLTransactionParser.swift; sourceTree = "<group>"; };
		597BEA5024851B7D009319D6 /* ChipDnaXMLTransactionParserTests.swift */ = {isa = PBXFileReference; lastKnownFileType = sourcecode.swift; path = ChipDnaXMLTransactionParserTests.swift; sourceTree = "<group>"; };
		597BEA5224851BA9009319D6 /* ChipDnaTransctionXMLResponse.swift */ = {isa = PBXFileReference; lastKnownFileType = sourcecode.swift; path = ChipDnaTransctionXMLResponse.swift; sourceTree = "<group>"; };
		5993C2592076BD16004DDA9F /* Networking.swift */ = {isa = PBXFileReference; lastKnownFileType = sourcecode.swift; path = Networking.swift; sourceTree = "<group>"; };
		5993C25B2076BD68004DDA9F /* PaymentMethod.swift */ = {isa = PBXFileReference; lastKnownFileType = sourcecode.swift; path = PaymentMethod.swift; sourceTree = "<group>"; };
		5993C25D2076BD73004DDA9F /* CreditCard.swift */ = {isa = PBXFileReference; lastKnownFileType = sourcecode.swift; path = CreditCard.swift; sourceTree = "<group>"; };
		5993C2632077A687004DDA9F /* BankAccount.swift */ = {isa = PBXFileReference; lastKnownFileType = sourcecode.swift; path = BankAccount.swift; sourceTree = "<group>"; };
		5993C2652077B4EE004DDA9F /* BankHolderType.swift */ = {isa = PBXFileReference; lastKnownFileType = sourcecode.swift; path = BankHolderType.swift; sourceTree = "<group>"; };
		5993C2672077B6B6004DDA9F /* PaymentMethodType.swift */ = {isa = PBXFileReference; lastKnownFileType = sourcecode.swift; path = PaymentMethodType.swift; sourceTree = "<group>"; };
		59F1FF3E24742F3F00019E06 /* TakeMobileReaderPaymentTests.swift */ = {isa = PBXFileReference; lastKnownFileType = sourcecode.swift; path = TakeMobileReaderPaymentTests.swift; sourceTree = "<group>"; };
		A7AF20582C2B2CF500DA07DE /* BBDevice-BT-3.27.0.xcframework */ = {isa = PBXFileReference; lastKnownFileType = wrapper.xcframework; path = "BBDevice-BT-3.27.0.xcframework"; sourceTree = "<group>"; };
		A7AF20592C2B2CF500DA07DE /* BBDeviceOTA-1.6.13.xcframework */ = {isa = PBXFileReference; lastKnownFileType = wrapper.xcframework; path = "BBDeviceOTA-1.6.13.xcframework"; sourceTree = "<group>"; };
		A7AF205B2C2B2CF500DA07DE /* CHCVSParser-Licence.txt */ = {isa = PBXFileReference; fileEncoding = 4; lastKnownFileType = text; path = "CHCVSParser-Licence.txt"; sourceTree = "<group>"; };
		A7AF205C2C2B2CF500DA07DE /* SOAPDelegate.h */ = {isa = PBXFileReference; fileEncoding = 4; lastKnownFileType = sourcecode.c.h; path = SOAPDelegate.h; sourceTree = "<group>"; };
		A7AF205D2C2B2CF500DA07DE /* SOAPEnums.h */ = {isa = PBXFileReference; fileEncoding = 4; lastKnownFileType = sourcecode.c.h; path = SOAPEnums.h; sourceTree = "<group>"; };
		A7AF205E2C2B2CF500DA07DE /* SOAPExtendedTransaction.h */ = {isa = PBXFileReference; fileEncoding = 4; lastKnownFileType = sourcecode.c.h; path = SOAPExtendedTransaction.h; sourceTree = "<group>"; };
		A7AF205F2C2B2CF500DA07DE /* SOAPTransaction.h */ = {isa = PBXFileReference; fileEncoding = 4; lastKnownFileType = sourcecode.c.h; path = SOAPTransaction.h; sourceTree = "<group>"; };
		A7AF20602C2B2CF500DA07DE /* SOAPTransactionHistory.h */ = {isa = PBXFileReference; fileEncoding = 4; lastKnownFileType = sourcecode.c.h; path = SOAPTransactionHistory.h; sourceTree = "<group>"; };
		A7AF20612C2B2CF500DA07DE /* SOAPTransactionStatistics.h */ = {isa = PBXFileReference; fileEncoding = 4; lastKnownFileType = sourcecode.c.h; path = SOAPTransactionStatistics.h; sourceTree = "<group>"; };
		A7AF20632C2B2CF500DA07DE /* libsqlcipher-4.5.0.a */ = {isa = PBXFileReference; lastKnownFileType = archive.ar; path = "libsqlcipher-4.5.0.a"; sourceTree = "<group>"; };
		A7AF20642C2B2CF500DA07DE /* SQLCipher-Licence.txt */ = {isa = PBXFileReference; fileEncoding = 4; lastKnownFileType = text; path = "SQLCipher-Licence.txt"; sourceTree = "<group>"; };
		A7AF20652C2B2CF500DA07DE /* sqlite3.h */ = {isa = PBXFileReference; fileEncoding = 4; lastKnownFileType = sourcecode.c.h; path = sqlite3.h; sourceTree = "<group>"; };
		A7AF20672C2B2CF500DA07DE /* CardApplication.h */ = {isa = PBXFileReference; fileEncoding = 4; lastKnownFileType = sourcecode.c.h; path = CardApplication.h; sourceTree = "<group>"; };
		A7AF20682C2B2CF500DA07DE /* CCCardHash.h */ = {isa = PBXFileReference; fileEncoding = 4; lastKnownFileType = sourcecode.c.h; path = CCCardHash.h; sourceTree = "<group>"; };
		A7AF20692C2B2CF500DA07DE /* CCCardSchemeIdEnum.h */ = {isa = PBXFileReference; fileEncoding = 4; lastKnownFileType = sourcecode.c.h; path = CCCardSchemeIdEnum.h; sourceTree = "<group>"; };
		A7AF206A2C2B2CF500DA07DE /* CCParameters.h */ = {isa = PBXFileReference; fileEncoding = 4; lastKnownFileType = sourcecode.c.h; path = CCParameters.h; sourceTree = "<group>"; };
		A7AF206B2C2B2CF500DA07DE /* ChipDnaMobile.h */ = {isa = PBXFileReference; fileEncoding = 4; lastKnownFileType = sourcecode.c.h; path = ChipDnaMobile.h; sourceTree = "<group>"; };
		A7AF206C2C2B2CF500DA07DE /* ChipDnaMobileSerializer.h */ = {isa = PBXFileReference; fileEncoding = 4; lastKnownFileType = sourcecode.c.h; path = ChipDnaMobileSerializer.h; sourceTree = "<group>"; };
		A7AF206D2C2B2CF500DA07DE /* ChipDnaMobileUtils.h */ = {isa = PBXFileReference; fileEncoding = 4; lastKnownFileType = sourcecode.c.h; path = ChipDnaMobileUtils.h; sourceTree = "<group>"; };
		A7AF206E2C2B2CF500DA07DE /* Currency.h */ = {isa = PBXFileReference; fileEncoding = 4; lastKnownFileType = sourcecode.c.h; path = Currency.h; sourceTree = "<group>"; };
		A7AF206F2C2B2CF500DA07DE /* DeviceStatus.h */ = {isa = PBXFileReference; fileEncoding = 4; lastKnownFileType = sourcecode.c.h; path = DeviceStatus.h; sourceTree = "<group>"; };
		A7AF20702C2B2CF500DA07DE /* ErrorCodes.h */ = {isa = PBXFileReference; fileEncoding = 4; lastKnownFileType = sourcecode.c.h; path = ErrorCodes.h; sourceTree = "<group>"; };
		A7AF20712C2B2CF500DA07DE /* IDTech.xcframework */ = {isa = PBXFileReference; lastKnownFileType = wrapper.xcframework; path = IDTech.xcframework; sourceTree = "<group>"; };
		A7AF20722C2B2CF500DA07DE /* JailbreakChecker.h */ = {isa = PBXFileReference; fileEncoding = 4; lastKnownFileType = sourcecode.c.h; path = JailbreakChecker.h; sourceTree = "<group>"; };
		A7AF20732C2B2CF500DA07DE /* libCardEaseXml.a */ = {isa = PBXFileReference; lastKnownFileType = archive.ar; path = libCardEaseXml.a; sourceTree = "<group>"; };
		A7AF20742C2B2CF500DA07DE /* libChipDnaMobileAPI.a */ = {isa = PBXFileReference; lastKnownFileType = archive.ar; path = libChipDnaMobileAPI.a; sourceTree = "<group>"; };
		A7AF20752C2B2CF500DA07DE /* Merchant.h */ = {isa = PBXFileReference; fileEncoding = 4; lastKnownFileType = sourcecode.c.h; path = Merchant.h; sourceTree = "<group>"; };
		A7AF20762C2B2CF500DA07DE /* MerchantData.h */ = {isa = PBXFileReference; fileEncoding = 4; lastKnownFileType = sourcecode.c.h; path = MerchantData.h; sourceTree = "<group>"; };
		A7AF20772C2B2CF500DA07DE /* PaymentPlatformStatus.h */ = {isa = PBXFileReference; fileEncoding = 4; lastKnownFileType = sourcecode.c.h; path = PaymentPlatformStatus.h; sourceTree = "<group>"; };
		A7AF20782C2B2CF500DA07DE /* ReceiptField.h */ = {isa = PBXFileReference; fileEncoding = 4; lastKnownFileType = sourcecode.c.h; path = ReceiptField.h; sourceTree = "<group>"; };
		A7AF20792C2B2CF500DA07DE /* RequestQueueStatus.h */ = {isa = PBXFileReference; fileEncoding = 4; lastKnownFileType = sourcecode.c.h; path = RequestQueueStatus.h; sourceTree = "<group>"; };
		A7AF207A2C2B2CF500DA07DE /* TerminalStatus.h */ = {isa = PBXFileReference; fileEncoding = 4; lastKnownFileType = sourcecode.c.h; path = TerminalStatus.h; sourceTree = "<group>"; };
		A7AF207B2C2B2CF500DA07DE /* TmsStatus.h */ = {isa = PBXFileReference; fileEncoding = 4; lastKnownFileType = sourcecode.c.h; path = TmsStatus.h; sourceTree = "<group>"; };
		A7AF207C2C2B2CF500DA07DE /* TransactionTypeIDEnum.h */ = {isa = PBXFileReference; fileEncoding = 4; lastKnownFileType = sourcecode.c.h; path = TransactionTypeIDEnum.h; sourceTree = "<group>"; };
		A7AF207D2C2B2CF500DA07DE /* TransactionUpdates.h */ = {isa = PBXFileReference; fileEncoding = 4; lastKnownFileType = sourcecode.c.h; path = TransactionUpdates.h; sourceTree = "<group>"; };
		A7AF207E2C2B2CF500DA07DE /* UserNotification.h */ = {isa = PBXFileReference; fileEncoding = 4; lastKnownFileType = sourcecode.c.h; path = UserNotification.h; sourceTree = "<group>"; };
		A7AF207F2C2B2CF500DA07DE /* VersionInformation.h */ = {isa = PBXFileReference; fileEncoding = 4; lastKnownFileType = sourcecode.c.h; path = VersionInformation.h; sourceTree = "<group>"; };
		D702B7BC23C8D0DD00B8AB79 /* OmniApi.swift */ = {isa = PBXFileReference; lastKnownFileType = sourcecode.swift; path = OmniApi.swift; sourceTree = "<group>"; };
		D71B6F90239E971A007FB7C4 /* ChipDnaDriver.swift */ = {isa = PBXFileReference; lastKnownFileType = sourcecode.swift; path = ChipDnaDriver.swift; sourceTree = "<group>"; };
		D71DDE7D28979D9F00D4C42E /* String+Blank.swift */ = {isa = PBXFileReference; lastKnownFileType = sourcecode.swift; path = "String+Blank.swift"; sourceTree = "<group>"; };
		D73BBCF1244D697F0052B525 /* GetConnectedMobileReader.swift */ = {isa = PBXFileReference; lastKnownFileType = sourcecode.swift; path = GetConnectedMobileReader.swift; sourceTree = "<group>"; };
		D73BBCF4244D7F380052B525 /* DisconnectMobileReader.swift */ = {isa = PBXFileReference; lastKnownFileType = sourcecode.swift; path = DisconnectMobileReader.swift; sourceTree = "<group>"; };
		D73BBCF6244D805C0052B525 /* DisconnectMobileReaderTests.swift */ = {isa = PBXFileReference; lastKnownFileType = sourcecode.swift; path = DisconnectMobileReaderTests.swift; sourceTree = "<group>"; };
		D760D82723D87F5D0075057C /* InvoiceJson.swift */ = {isa = PBXFileReference; lastKnownFileType = sourcecode.swift; path = InvoiceJson.swift; sourceTree = "<group>"; };
		D760D82923D884680075057C /* CustomerJson.swift */ = {isa = PBXFileReference; lastKnownFileType = sourcecode.swift; path = CustomerJson.swift; sourceTree = "<group>"; };
		D760D82B23D884F70075057C /* PaymentMethodJson.swift */ = {isa = PBXFileReference; lastKnownFileType = sourcecode.swift; path = PaymentMethodJson.swift; sourceTree = "<group>"; };
		D760D82E23D885250075057C /* TransactionJson.swift */ = {isa = PBXFileReference; lastKnownFileType = sourcecode.swift; path = TransactionJson.swift; sourceTree = "<group>"; };
		D765D46523CC465800656040 /* Customer.swift */ = {isa = PBXFileReference; lastKnownFileType = sourcecode.swift; path = Customer.swift; sourceTree = "<group>"; };
		D765D46823CC467100656040 /* Model.swift */ = {isa = PBXFileReference; lastKnownFileType = sourcecode.swift; path = Model.swift; sourceTree = "<group>"; };
		D765D46B23CC478000656040 /* Invoice.swift */ = {isa = PBXFileReference; lastKnownFileType = sourcecode.swift; path = Invoice.swift; sourceTree = "<group>"; };
		D765D46E23CC488000656040 /* Merchant.swift */ = {isa = PBXFileReference; lastKnownFileType = sourcecode.swift; path = Merchant.swift; sourceTree = "<group>"; };
		D765D47123CC49C800656040 /* Self.swift */ = {isa = PBXFileReference; lastKnownFileType = sourcecode.swift; path = Self.swift; sourceTree = "<group>"; };
		D765D47423CC4A1400656040 /* Transaction.swift */ = {isa = PBXFileReference; lastKnownFileType = sourcecode.swift; path = Transaction.swift; sourceTree = "<group>"; };
		D765D47823CC4B1100656040 /* CustomerRepository.swift */ = {isa = PBXFileReference; lastKnownFileType = sourcecode.swift; path = CustomerRepository.swift; sourceTree = "<group>"; };
		D765D47B23CCBB0500656040 /* ModelRepository.swift */ = {isa = PBXFileReference; lastKnownFileType = sourcecode.swift; path = ModelRepository.swift; sourceTree = "<group>"; };
		D765D47E23CCBBFD00656040 /* OmniException.swift */ = {isa = PBXFileReference; lastKnownFileType = sourcecode.swift; path = OmniException.swift; sourceTree = "<group>"; };
		D765D48323CE41A500656040 /* JSONValue.swift */ = {isa = PBXFileReference; lastKnownFileType = sourcecode.swift; path = JSONValue.swift; sourceTree = "<group>"; };
		D765D48623CE422400656040 /* JSONValueTest.swift */ = {isa = PBXFileReference; lastKnownFileType = sourcecode.swift; path = JSONValueTest.swift; sourceTree = "<group>"; };
		D765D49023CE6A3D00656040 /* MerchantJson.swift */ = {isa = PBXFileReference; lastKnownFileType = sourcecode.swift; path = MerchantJson.swift; sourceTree = "<group>"; };
		D765D49523CFC1A000656040 /* InvoiceRepository.swift */ = {isa = PBXFileReference; lastKnownFileType = sourcecode.swift; path = InvoiceRepository.swift; sourceTree = "<group>"; };
		D765D49823CFC22600656040 /* PaymentMethodRepository.swift */ = {isa = PBXFileReference; lastKnownFileType = sourcecode.swift; path = PaymentMethodRepository.swift; sourceTree = "<group>"; };
		D765D49B23CFC32200656040 /* TransactionRepository.swift */ = {isa = PBXFileReference; lastKnownFileType = sourcecode.swift; path = TransactionRepository.swift; sourceTree = "<group>"; };
		D765D49E23CFCA1400656040 /* Amount.swift */ = {isa = PBXFileReference; lastKnownFileType = sourcecode.swift; path = Amount.swift; sourceTree = "<group>"; };
		D7692F1823E4B00500CB0954 /* OmniTest.swift */ = {isa = PBXFileReference; lastKnownFileType = sourcecode.swift; path = OmniTest.swift; sourceTree = "<group>"; };
		D7692F2323E4B6BA00CB0954 /* MockMobileReaderDriverRepository.swift */ = {isa = PBXFileReference; lastKnownFileType = sourcecode.swift; path = MockMobileReaderDriverRepository.swift; sourceTree = "<group>"; };
		D7720E48241761050064DBDC /* MockOmniApi.swift */ = {isa = PBXFileReference; lastKnownFileType = sourcecode.swift; path = MockOmniApi.swift; sourceTree = "<group>"; };
		D7801BEF241F256A00A93001 /* ModelRepository+EndpointDefaultImpl.swift */ = {isa = PBXFileReference; lastKnownFileType = sourcecode.swift; path = "ModelRepository+EndpointDefaultImpl.swift"; sourceTree = "<group>"; };
		D7801BF1241F264400A93001 /* MockModelRepository.swift */ = {isa = PBXFileReference; lastKnownFileType = sourcecode.swift; path = MockModelRepository.swift; sourceTree = "<group>"; };
		D7801BF3241F26E200A93001 /* ModelRepository+DefaultImpl.swift */ = {isa = PBXFileReference; lastKnownFileType = sourcecode.swift; path = "ModelRepository+DefaultImpl.swift"; sourceTree = "<group>"; };
		D7801BFE241F303600A93001 /* MockPaymentMethodRepository.swift */ = {isa = PBXFileReference; lastKnownFileType = sourcecode.swift; path = MockPaymentMethodRepository.swift; sourceTree = "<group>"; };
		D781037E23D9F85100256F2F /* PaginatedData.swift */ = {isa = PBXFileReference; lastKnownFileType = sourcecode.swift; path = PaginatedData.swift; sourceTree = "<group>"; };
		D783DABF2449E905007C0A17 /* ChargeRequest.swift */ = {isa = PBXFileReference; lastKnownFileType = sourcecode.swift; path = ChargeRequest.swift; sourceTree = "<group>"; };
		D783DAC32449F35E007C0A17 /* TakePaymentTests.swift */ = {isa = PBXFileReference; lastKnownFileType = sourcecode.swift; path = TakePaymentTests.swift; sourceTree = "<group>"; };
		D78FA92F240EACA200398D81 /* Fattmerchant.h */ = {isa = PBXFileReference; fileEncoding = 4; lastKnownFileType = sourcecode.c.h; path = Fattmerchant.h; sourceTree = "<group>"; };
		D78FA931240EF48B00398D81 /* SignatureProviding.swift */ = {isa = PBXFileReference; lastKnownFileType = sourcecode.swift; path = SignatureProviding.swift; sourceTree = "<group>"; };
		D793089F23D0A1B50066FCA2 /* AmountTests.swift */ = {isa = PBXFileReference; lastKnownFileType = sourcecode.swift; path = AmountTests.swift; sourceTree = "<group>"; };
		D79308A323D0A8B10066FCA2 /* MobileReader.swift */ = {isa = PBXFileReference; lastKnownFileType = sourcecode.swift; path = MobileReader.swift; sourceTree = "<group>"; };
		D79308A623D0A9050066FCA2 /* MobileReaderDriver.swift */ = {isa = PBXFileReference; lastKnownFileType = sourcecode.swift; path = MobileReaderDriver.swift; sourceTree = "<group>"; };
		D79308A923D0A9FB0066FCA2 /* TransactionRequest.swift */ = {isa = PBXFileReference; lastKnownFileType = sourcecode.swift; path = TransactionRequest.swift; sourceTree = "<group>"; };
		D79308AC23D0AA230066FCA2 /* TransactionResult.swift */ = {isa = PBXFileReference; lastKnownFileType = sourcecode.swift; path = TransactionResult.swift; sourceTree = "<group>"; };
		D79308AF23D0AA9A0066FCA2 /* TransactionType.swift */ = {isa = PBXFileReference; lastKnownFileType = sourcecode.swift; path = TransactionType.swift; sourceTree = "<group>"; };
		D79308B223D0AAD00066FCA2 /* MobileReaderDriverRepository.swift */ = {isa = PBXFileReference; lastKnownFileType = sourcecode.swift; path = MobileReaderDriverRepository.swift; sourceTree = "<group>"; };
		D79308B723D0AC3A0066FCA2 /* ConnectMobileReader.swift */ = {isa = PBXFileReference; lastKnownFileType = sourcecode.swift; path = ConnectMobileReader.swift; sourceTree = "<group>"; };
		D79308BA23D0ADEF0066FCA2 /* InitializeDrivers.swift */ = {isa = PBXFileReference; lastKnownFileType = sourcecode.swift; path = InitializeDrivers.swift; sourceTree = "<group>"; };
		D79308BD23D0AF3D0066FCA2 /* TakeMobileReaderPayment.swift */ = {isa = PBXFileReference; lastKnownFileType = sourcecode.swift; path = TakeMobileReaderPayment.swift; sourceTree = "<group>"; };
		D79308C023D0E0B40066FCA2 /* SearchForReaders.swift */ = {isa = PBXFileReference; lastKnownFileType = sourcecode.swift; path = SearchForReaders.swift; sourceTree = "<group>"; };
		D79308C323D0E3C90066FCA2 /* RefundMobileReaderTransaction.swift */ = {isa = PBXFileReference; lastKnownFileType = sourcecode.swift; path = RefundMobileReaderTransaction.swift; sourceTree = "<group>"; };
		D79308C623D1045C0066FCA2 /* Omni.swift */ = {isa = PBXFileReference; lastKnownFileType = sourcecode.swift; path = Omni.swift; sourceTree = "<group>"; };
		D79308CA23D229420066FCA2 /* ChipDnaUtils.swift */ = {isa = PBXFileReference; lastKnownFileType = sourcecode.swift; path = ChipDnaUtils.swift; sourceTree = "<group>"; };
		D79308CF23D22D900066FCA2 /* ChipDnaTransactionListener.swift */ = {isa = PBXFileReference; lastKnownFileType = sourcecode.swift; path = ChipDnaTransactionListener.swift; sourceTree = "<group>"; };
		D79308D123D22F480066FCA2 /* ChipDnaTransactionUserReference.swift */ = {isa = PBXFileReference; lastKnownFileType = sourcecode.swift; path = ChipDnaTransactionUserReference.swift; sourceTree = "<group>"; };
		D79308D323D24B680066FCA2 /* Endpoints.swift */ = {isa = PBXFileReference; lastKnownFileType = sourcecode.swift; path = Endpoints.swift; sourceTree = "<group>"; };
		D79308FE23D255260066FCA2 /* CoreAudio.framework */ = {isa = PBXFileReference; lastKnownFileType = wrapper.framework; name = CoreAudio.framework; path = System/Library/Frameworks/CoreAudio.framework; sourceTree = SDKROOT; };
		D793090023D255330066FCA2 /* CoreAudioKit.framework */ = {isa = PBXFileReference; lastKnownFileType = wrapper.framework; name = CoreAudioKit.framework; path = System/Library/Frameworks/CoreAudioKit.framework; sourceTree = SDKROOT; };
		D793090323D255420066FCA2 /* libWirelessAudioIPC.tbd */ = {isa = PBXFileReference; lastKnownFileType = "sourcecode.text-based-dylib-definition"; name = libWirelessAudioIPC.tbd; path = usr/lib/libWirelessAudioIPC.tbd; sourceTree = SDKROOT; };
		D793090423D255430066FCA2 /* libAudioIssueDetector.tbd */ = {isa = PBXFileReference; lastKnownFileType = "sourcecode.text-based-dylib-definition"; name = libAudioIssueDetector.tbd; path = usr/lib/libAudioIssueDetector.tbd; sourceTree = SDKROOT; };
		D793090523D255430066FCA2 /* AudioToolbox.framework */ = {isa = PBXFileReference; lastKnownFileType = wrapper.framework; name = AudioToolbox.framework; path = System/Library/Frameworks/AudioToolbox.framework; sourceTree = SDKROOT; };
		D793090623D255430066FCA2 /* AudioUnit.framework */ = {isa = PBXFileReference; lastKnownFileType = wrapper.framework; name = AudioUnit.framework; path = System/Library/Frameworks/AudioUnit.framework; sourceTree = SDKROOT; };
		D793090723D255430066FCA2 /* libAudioStatistics.tbd */ = {isa = PBXFileReference; lastKnownFileType = "sourcecode.text-based-dylib-definition"; name = libAudioStatistics.tbd; path = usr/lib/libAudioStatistics.tbd; sourceTree = SDKROOT; };
		D793090D23D256540066FCA2 /* AVFoundation.framework */ = {isa = PBXFileReference; lastKnownFileType = wrapper.framework; name = AVFoundation.framework; path = System/Library/Frameworks/AVFoundation.framework; sourceTree = SDKROOT; };
		D793090F23D2565D0066FCA2 /* ExternalAccessory.framework */ = {isa = PBXFileReference; lastKnownFileType = wrapper.framework; name = ExternalAccessory.framework; path = System/Library/Frameworks/ExternalAccessory.framework; sourceTree = SDKROOT; };
		D793091123D256690066FCA2 /* CoreBluetooth.framework */ = {isa = PBXFileReference; lastKnownFileType = wrapper.framework; name = CoreBluetooth.framework; path = System/Library/Frameworks/CoreBluetooth.framework; sourceTree = SDKROOT; };
		D793091523D2568D0066FCA2 /* MediaPlayer.framework */ = {isa = PBXFileReference; lastKnownFileType = wrapper.framework; name = MediaPlayer.framework; path = System/Library/Frameworks/MediaPlayer.framework; sourceTree = SDKROOT; };
		D7A28D602433E2CA00FC8872 /* TakePayment.swift */ = {isa = PBXFileReference; lastKnownFileType = sourcecode.swift; path = TakePayment.swift; sourceTree = "<group>"; };
		D7A28D632436278600FC8872 /* TokenizePaymentMethod.swift */ = {isa = PBXFileReference; lastKnownFileType = sourcecode.swift; path = TokenizePaymentMethod.swift; sourceTree = "<group>"; };
		D7B7113A23D63B0D00EF98DB /* Environment.swift */ = {isa = PBXFileReference; lastKnownFileType = sourcecode.swift; path = Environment.swift; sourceTree = "<group>"; };
		D7C17B2B23EA00EB0031D9BB /* MockDriver.swift */ = {isa = PBXFileReference; fileEncoding = 4; lastKnownFileType = sourcecode.swift; path = MockDriver.swift; sourceTree = "<group>"; };
		D7D2C51C23F203CF001733A2 /* RefundMobileReaderTransactionTests.swift */ = {isa = PBXFileReference; lastKnownFileType = sourcecode.swift; path = RefundMobileReaderTransactionTests.swift; sourceTree = "<group>"; };
		D7E15C5526577CFA006D4EE7 /* CapturePreauthTransaction.swift */ = {isa = PBXFileReference; lastKnownFileType = sourcecode.swift; path = CapturePreauthTransaction.swift; sourceTree = "<group>"; };
		D7E15C5826578C6E006D4EE7 /* VoidTransaction.swift */ = {isa = PBXFileReference; lastKnownFileType = sourcecode.swift; path = VoidTransaction.swift; sourceTree = "<group>"; };
/* End PBXFileReference section */

/* Begin PBXFrameworksBuildPhase section */
		591C208C206EB12F00C848DA /* Frameworks */ = {
			isa = PBXFrameworksBuildPhase;
			buildActionMask = 2147483647;
			files = (
				593A7FAC24600FEF00D78874 /* CoreBluetooth.framework in Frameworks */,
				A7AF20822C2B2CF500DA07DE /* BBDeviceOTA-1.6.13.xcframework in Frameworks */,
				A7AF20972C2B2CF500DA07DE /* IDTech.xcframework in Frameworks */,
				A7AF20992C2B2CF500DA07DE /* libCardEaseXml.a in Frameworks */,
				A7AF208A2C2B2CF500DA07DE /* libsqlcipher-4.5.0.a in Frameworks */,
				D7B7110723D5890600EF98DB /* MediaPlayer.framework in Frameworks */,
				D7B7110623D588F800EF98DB /* AudioToolbox.framework in Frameworks */,
				D793091423D256840066FCA2 /* CoreAudio.framework in Frameworks */,
				A7AF209A2C2B2CF500DA07DE /* libChipDnaMobileAPI.a in Frameworks */,
				D793091023D2565E0066FCA2 /* ExternalAccessory.framework in Frameworks */,
				D793090E23D256540066FCA2 /* AVFoundation.framework in Frameworks */,
				A7AF20812C2B2CF500DA07DE /* BBDevice-BT-3.27.0.xcframework in Frameworks */,
			);
			runOnlyForDeploymentPostprocessing = 0;
		};
		591C209C206EB26600C848DA /* Frameworks */ = {
			isa = PBXFrameworksBuildPhase;
			buildActionMask = 2147483647;
			files = (
			);
			runOnlyForDeploymentPostprocessing = 0;
		};
/* End PBXFrameworksBuildPhase section */

/* Begin PBXGroup section */
		591C2086206EB12F00C848DA = {
			isa = PBXGroup;
			children = (
				591C2092206EB12F00C848DA /* fattmerchant-ios-sdk */,
				591C20A0206EB26700C848DA /* fattmerchant_ios_sdkTests */,
				591C2091206EB12F00C848DA /* Products */,
				D71B6F8A239E5955007FB7C4 /* Frameworks */,
			);
			sourceTree = "<group>";
		};
		591C2091206EB12F00C848DA /* Products */ = {
			isa = PBXGroup;
			children = (
				591C2090206EB12F00C848DA /* Fattmerchant.framework */,
				591C209F206EB26600C848DA /* FattmerchantTests.xctest */,
			);
			name = Products;
			sourceTree = "<group>";
		};
		591C2092206EB12F00C848DA /* fattmerchant-ios-sdk */ = {
			isa = PBXGroup;
			children = (
				A7CAB3482C0FBE100053CE4A /* Vendor */,
				593A7FD52468788000D78874 /* Utils */,
				D71B6F8F239E9702007FB7C4 /* Cardpresent */,
				5993C2F6207D0402004DDA9F /* Models */,
				591C2094206EB12F00C848DA /* Info.plist */,
				D78FA92F240EACA200398D81 /* Fattmerchant.h */,
				5993C2592076BD16004DDA9F /* Networking.swift */,
			);
			path = "fattmerchant-ios-sdk";
			sourceTree = "<group>";
		};
		591C20A0206EB26700C848DA /* fattmerchant_ios_sdkTests */ = {
			isa = PBXGroup;
			children = (
				593A7FD92468955300D78874 /* Utils */,
				D783DAC22449F34A007C0A17 /* Usecase */,
				D7720E4A241997570064DBDC /* Mock */,
				D760D82D23D885120075057C /* Raw Json */,
				D7B7110123D35F9000EF98DB /* Cardpresent */,
				591C20A3206EB26700C848DA /* Info.plist */,
				D765D48623CE422400656040 /* JSONValueTest.swift */,
				D793089F23D0A1B50066FCA2 /* AmountTests.swift */,
				D7692F1823E4B00500CB0954 /* OmniTest.swift */,
			);
			path = fattmerchant_ios_sdkTests;
			sourceTree = "<group>";
		};
		593A7FD52468788000D78874 /* Utils */ = {
			isa = PBXGroup;
			children = (
				D71DDE7D28979D9F00D4C42E /* String+Blank.swift */,
				593A7FD6246878B700D78874 /* AsyncFilter.swift */,
			);
			path = Utils;
			sourceTree = "<group>";
		};
		593A7FD92468955300D78874 /* Utils */ = {
			isa = PBXGroup;
			children = (
				593A7FDA2468956000D78874 /* AsyncFilterTests.swift */,
			);
			path = Utils;
			sourceTree = "<group>";
		};
		597BEA4F24851B68009319D6 /* ChipDna */ = {
			isa = PBXGroup;
			children = (
				597BEA5024851B7D009319D6 /* ChipDnaXMLTransactionParserTests.swift */,
				597BEA5224851BA9009319D6 /* ChipDnaTransctionXMLResponse.swift */,
			);
			path = ChipDna;
			sourceTree = "<group>";
		};
		5993C2F6207D0402004DDA9F /* Models */ = {
			isa = PBXGroup;
			children = (
				5993C25B2076BD68004DDA9F /* PaymentMethod.swift */,
				5993C25D2076BD73004DDA9F /* CreditCard.swift */,
				5993C2632077A687004DDA9F /* BankAccount.swift */,
				5993C2652077B4EE004DDA9F /* BankHolderType.swift */,
				5993C2672077B6B6004DDA9F /* PaymentMethodType.swift */,
				D765D46523CC465800656040 /* Customer.swift */,
				D765D46823CC467100656040 /* Model.swift */,
				D765D46B23CC478000656040 /* Invoice.swift */,
				D765D46E23CC488000656040 /* Merchant.swift */,
				D765D47123CC49C800656040 /* Self.swift */,
				D765D47423CC4A1400656040 /* Transaction.swift */,
				D765D47E23CCBBFD00656040 /* OmniException.swift */,
				D79308A323D0A8B10066FCA2 /* MobileReader.swift */,
				D783DABF2449E905007C0A17 /* ChargeRequest.swift */,
				46C3ECC624CF551F005B4790 /* MobileReaderDetails.swift */,
				46231C5A24DAF4A500A06E1B /* CatalogItem.swift */,
			);
			path = Models;
			sourceTree = "<group>";
		};
		A7AF205A2C2B2CF500DA07DE /* BBPOSFrameworks */ = {
			isa = PBXGroup;
			children = (
				A7AF20582C2B2CF500DA07DE /* BBDevice-BT-3.27.0.xcframework */,
				A7AF20592C2B2CF500DA07DE /* BBDeviceOTA-1.6.13.xcframework */,
			);
			path = BBPOSFrameworks;
			sourceTree = "<group>";
		};
		A7AF20622C2B2CF500DA07DE /* SOAP */ = {
			isa = PBXGroup;
			children = (
				A7AF205B2C2B2CF500DA07DE /* CHCVSParser-Licence.txt */,
				A7AF205C2C2B2CF500DA07DE /* SOAPDelegate.h */,
				A7AF205D2C2B2CF500DA07DE /* SOAPEnums.h */,
				A7AF205E2C2B2CF500DA07DE /* SOAPExtendedTransaction.h */,
				A7AF205F2C2B2CF500DA07DE /* SOAPTransaction.h */,
				A7AF20602C2B2CF500DA07DE /* SOAPTransactionHistory.h */,
				A7AF20612C2B2CF500DA07DE /* SOAPTransactionStatistics.h */,
			);
			path = SOAP;
			sourceTree = "<group>";
		};
		A7AF20662C2B2CF500DA07DE /* SQLCipher */ = {
			isa = PBXGroup;
			children = (
				A7AF20632C2B2CF500DA07DE /* libsqlcipher-4.5.0.a */,
				A7AF20642C2B2CF500DA07DE /* SQLCipher-Licence.txt */,
				A7AF20652C2B2CF500DA07DE /* sqlite3.h */,
			);
			path = SQLCipher;
			sourceTree = "<group>";
		};
		A7AF20802C2B2CF500DA07DE /* ChipDnaMobile */ = {
			isa = PBXGroup;
			children = (
				A7AF205A2C2B2CF500DA07DE /* BBPOSFrameworks */,
				A7AF20622C2B2CF500DA07DE /* SOAP */,
				A7AF20662C2B2CF500DA07DE /* SQLCipher */,
				A7AF20672C2B2CF500DA07DE /* CardApplication.h */,
				A7AF20682C2B2CF500DA07DE /* CCCardHash.h */,
				A7AF20692C2B2CF500DA07DE /* CCCardSchemeIdEnum.h */,
				A7AF206A2C2B2CF500DA07DE /* CCParameters.h */,
				A7AF206B2C2B2CF500DA07DE /* ChipDnaMobile.h */,
				A7AF206C2C2B2CF500DA07DE /* ChipDnaMobileSerializer.h */,
				A7AF206D2C2B2CF500DA07DE /* ChipDnaMobileUtils.h */,
				A7AF206E2C2B2CF500DA07DE /* Currency.h */,
				A7AF206F2C2B2CF500DA07DE /* DeviceStatus.h */,
				A7AF20702C2B2CF500DA07DE /* ErrorCodes.h */,
				A7AF20712C2B2CF500DA07DE /* IDTech.xcframework */,
				A7AF20722C2B2CF500DA07DE /* JailbreakChecker.h */,
				A7AF20732C2B2CF500DA07DE /* libCardEaseXml.a */,
				A7AF20742C2B2CF500DA07DE /* libChipDnaMobileAPI.a */,
				A7AF20752C2B2CF500DA07DE /* Merchant.h */,
				A7AF20762C2B2CF500DA07DE /* MerchantData.h */,
				A7AF20772C2B2CF500DA07DE /* PaymentPlatformStatus.h */,
				A7AF20782C2B2CF500DA07DE /* ReceiptField.h */,
				A7AF20792C2B2CF500DA07DE /* RequestQueueStatus.h */,
				A7AF207A2C2B2CF500DA07DE /* TerminalStatus.h */,
				A7AF207B2C2B2CF500DA07DE /* TmsStatus.h */,
				A7AF207C2C2B2CF500DA07DE /* TransactionTypeIDEnum.h */,
				A7AF207D2C2B2CF500DA07DE /* TransactionUpdates.h */,
				A7AF207E2C2B2CF500DA07DE /* UserNotification.h */,
				A7AF207F2C2B2CF500DA07DE /* VersionInformation.h */,
			);
			path = ChipDnaMobile;
			sourceTree = "<group>";
		};
		A7CAB3482C0FBE100053CE4A /* Vendor */ = {
			isa = PBXGroup;
			children = (
				A7AF20802C2B2CF500DA07DE /* ChipDnaMobile */,
			);
			path = Vendor;
			sourceTree = "<group>";
		};
		D702B7BB23C8CDE400B8AB79 /* Networking */ = {
			isa = PBXGroup;
			children = (
				D702B7BC23C8D0DD00B8AB79 /* OmniApi.swift */,
				D79308D323D24B680066FCA2 /* Endpoints.swift */,
				D7B7113A23D63B0D00EF98DB /* Environment.swift */,
				D781037E23D9F85100256F2F /* PaginatedData.swift */,
			);
			path = Networking;
			sourceTree = "<group>";
		};
		D71B6F8A239E5955007FB7C4 /* Frameworks */ = {
			isa = PBXGroup;
			children = (
				D793091523D2568D0066FCA2 /* MediaPlayer.framework */,
				D793091123D256690066FCA2 /* CoreBluetooth.framework */,
				D793090F23D2565D0066FCA2 /* ExternalAccessory.framework */,
				D793090D23D256540066FCA2 /* AVFoundation.framework */,
				D793090523D255430066FCA2 /* AudioToolbox.framework */,
				D793090623D255430066FCA2 /* AudioUnit.framework */,
				D793090423D255430066FCA2 /* libAudioIssueDetector.tbd */,
				D793090723D255430066FCA2 /* libAudioStatistics.tbd */,
				D793090323D255420066FCA2 /* libWirelessAudioIPC.tbd */,
				D793090023D255330066FCA2 /* CoreAudioKit.framework */,
				D79308FE23D255260066FCA2 /* CoreAudio.framework */,
			);
			name = Frameworks;
			sourceTree = "<group>";
		};
		D71B6F8F239E9702007FB7C4 /* Cardpresent */ = {
			isa = PBXGroup;
			children = (
				D7692F2523E4B88700CB0954 /* Mock */,
				D79308B623D0AC2E0066FCA2 /* Usecase */,
				D702B7BB23C8CDE400B8AB79 /* Networking */,
				D79308B523D0ABC70066FCA2 /* ChipDna */,
				D765D47723CC4AFF00656040 /* Repository */,
				D765D48223CE419700656040 /* JSON */,
				D765D48123CD00C800656040 /* Data */,
				D79308A623D0A9050066FCA2 /* MobileReaderDriver.swift */,
				D79308AF23D0AA9A0066FCA2 /* TransactionType.swift */,
				D79308C623D1045C0066FCA2 /* Omni.swift */,
				D78FA931240EF48B00398D81 /* SignatureProviding.swift */,
				597BEA47247FE205009319D6 /* TransactionUpdateDelegate.swift */,
				594466AD249E94F800C6CFD8 /* MobileReaderConnectionStatusDelegate.swift */,
				596611A625E6CE8400AEDB2E /* UserNotificationListener.swift */,
			);
			path = Cardpresent;
			sourceTree = "<group>";
		};
		D760D82D23D885120075057C /* Raw Json */ = {
			isa = PBXGroup;
			children = (
				D760D82923D884680075057C /* CustomerJson.swift */,
				D760D82B23D884F70075057C /* PaymentMethodJson.swift */,
				D765D49023CE6A3D00656040 /* MerchantJson.swift */,
				D760D82723D87F5D0075057C /* InvoiceJson.swift */,
				D760D82E23D885250075057C /* TransactionJson.swift */,
			);
			path = "Raw Json";
			sourceTree = "<group>";
		};
		D765D47723CC4AFF00656040 /* Repository */ = {
			isa = PBXGroup;
			children = (
				D765D47B23CCBB0500656040 /* ModelRepository.swift */,
				D765D47823CC4B1100656040 /* CustomerRepository.swift */,
				D765D49523CFC1A000656040 /* InvoiceRepository.swift */,
				D765D49823CFC22600656040 /* PaymentMethodRepository.swift */,
				D765D49B23CFC32200656040 /* TransactionRepository.swift */,
				D79308B223D0AAD00066FCA2 /* MobileReaderDriverRepository.swift */,
				D7801BEF241F256A00A93001 /* ModelRepository+EndpointDefaultImpl.swift */,
				D7801BF3241F26E200A93001 /* ModelRepository+DefaultImpl.swift */,
			);
			path = Repository;
			sourceTree = "<group>";
		};
		D765D48123CD00C800656040 /* Data */ = {
			isa = PBXGroup;
			children = (
				D765D49E23CFCA1400656040 /* Amount.swift */,
				D79308A923D0A9FB0066FCA2 /* TransactionRequest.swift */,
				D79308AC23D0AA230066FCA2 /* TransactionResult.swift */,
				59561817248C3FBD00E622B6 /* TransactionUpdate.swift */,
				596611A525E6CD7800AEDB2E /* UserNotification.swift */,
				594466B0249E993C00C6CFD8 /* MobileReaderConnectionStatus.swift */,
			);
			path = Data;
			sourceTree = "<group>";
		};
		D765D48223CE419700656040 /* JSON */ = {
			isa = PBXGroup;
			children = (
				D765D48323CE41A500656040 /* JSONValue.swift */,
			);
			path = JSON;
			sourceTree = "<group>";
		};
		D7692F2523E4B88700CB0954 /* Mock */ = {
			isa = PBXGroup;
			children = (
				D7C17B2B23EA00EB0031D9BB /* MockDriver.swift */,
			);
			path = Mock;
			sourceTree = "<group>";
		};
		D7720E4A241997570064DBDC /* Mock */ = {
			isa = PBXGroup;
			children = (
				D7801BF1241F264400A93001 /* MockModelRepository.swift */,
				D7720E48241761050064DBDC /* MockOmniApi.swift */,
				D7801BFE241F303600A93001 /* MockPaymentMethodRepository.swift */,
			);
			path = Mock;
			sourceTree = "<group>";
		};
		D783DAC22449F34A007C0A17 /* Usecase */ = {
			isa = PBXGroup;
			children = (
				D783DAC32449F35E007C0A17 /* TakePaymentTests.swift */,
				D73BBCF6244D805C0052B525 /* DisconnectMobileReaderTests.swift */,
				59F1FF3E24742F3F00019E06 /* TakeMobileReaderPaymentTests.swift */,
			);
			path = Usecase;
			sourceTree = "<group>";
		};
		D79308B523D0ABC70066FCA2 /* ChipDna */ = {
			isa = PBXGroup;
			children = (
				D71B6F90239E971A007FB7C4 /* ChipDnaDriver.swift */,
				D79308CA23D229420066FCA2 /* ChipDnaUtils.swift */,
				D79308CF23D22D900066FCA2 /* ChipDnaTransactionListener.swift */,
				D79308D123D22F480066FCA2 /* ChipDnaTransactionUserReference.swift */,
				597BEA4A2480C4C9009319D6 /* TransactionGateway.swift */,
				597BEA4C2480D892009319D6 /* ChipDnaXMLTransactionParser.swift */,
			);
			path = ChipDna;
			sourceTree = "<group>";
		};
		D79308B623D0AC2E0066FCA2 /* Usecase */ = {
			isa = PBXGroup;
			children = (
				D79308B723D0AC3A0066FCA2 /* ConnectMobileReader.swift */,
				D79308BA23D0ADEF0066FCA2 /* InitializeDrivers.swift */,
				D79308BD23D0AF3D0066FCA2 /* TakeMobileReaderPayment.swift */,
				D7A28D602433E2CA00FC8872 /* TakePayment.swift */,
				D79308C023D0E0B40066FCA2 /* SearchForReaders.swift */,
				D79308C323D0E3C90066FCA2 /* RefundMobileReaderTransaction.swift */,
				D7A28D632436278600FC8872 /* TokenizePaymentMethod.swift */,
				D73BBCF1244D697F0052B525 /* GetConnectedMobileReader.swift */,
				D73BBCF4244D7F380052B525 /* DisconnectMobileReader.swift */,
				594466AA249C5BDC00C6CFD8 /* CancelCurrentTransaction.swift */,
				D7E15C5526577CFA006D4EE7 /* CapturePreauthTransaction.swift */,
				D7E15C5826578C6E006D4EE7 /* VoidTransaction.swift */,
			);
			path = Usecase;
			sourceTree = "<group>";
		};
		D7B7110123D35F9000EF98DB /* Cardpresent */ = {
			isa = PBXGroup;
			children = (
				597BEA4F24851B68009319D6 /* ChipDna */,
				D7692F2323E4B6BA00CB0954 /* MockMobileReaderDriverRepository.swift */,
				D7D2C51C23F203CF001733A2 /* RefundMobileReaderTransactionTests.swift */,
			);
			path = Cardpresent;
			sourceTree = "<group>";
		};
/* End PBXGroup section */

/* Begin PBXHeadersBuildPhase section */
		591C208D206EB12F00C848DA /* Headers */ = {
			isa = PBXHeadersBuildPhase;
			buildActionMask = 2147483647;
			files = (
				A7AF20A52C2B2CF500DA07DE /* VersionInformation.h in Headers */,
				A7AF20892C2B2CF500DA07DE /* SOAPTransactionStatistics.h in Headers */,
				A7AF20932C2B2CF500DA07DE /* ChipDnaMobileUtils.h in Headers */,
				A7AF20842C2B2CF500DA07DE /* SOAPDelegate.h in Headers */,
				A7AF20A22C2B2CF500DA07DE /* TransactionTypeIDEnum.h in Headers */,
				A7AF20952C2B2CF500DA07DE /* DeviceStatus.h in Headers */,
				A7AF20A02C2B2CF500DA07DE /* TerminalStatus.h in Headers */,
				A7AF20A32C2B2CF500DA07DE /* TransactionUpdates.h in Headers */,
				A7AF20962C2B2CF500DA07DE /* ErrorCodes.h in Headers */,
				A7AF20922C2B2CF500DA07DE /* ChipDnaMobileSerializer.h in Headers */,
				A7AF20882C2B2CF500DA07DE /* SOAPTransactionHistory.h in Headers */,
				A7AF20872C2B2CF500DA07DE /* SOAPTransaction.h in Headers */,
				A7AF208D2C2B2CF500DA07DE /* CardApplication.h in Headers */,
				A7AF209C2C2B2CF500DA07DE /* MerchantData.h in Headers */,
				A7AF209D2C2B2CF500DA07DE /* PaymentPlatformStatus.h in Headers */,
				A7AF208C2C2B2CF500DA07DE /* sqlite3.h in Headers */,
				A7AF20912C2B2CF500DA07DE /* ChipDnaMobile.h in Headers */,
				A7AF20902C2B2CF500DA07DE /* CCParameters.h in Headers */,
				A7AF20862C2B2CF500DA07DE /* SOAPExtendedTransaction.h in Headers */,
				A7AF20982C2B2CF500DA07DE /* JailbreakChecker.h in Headers */,
				A7AF209E2C2B2CF500DA07DE /* ReceiptField.h in Headers */,
				A7AF209B2C2B2CF500DA07DE /* Merchant.h in Headers */,
				A7AF20942C2B2CF500DA07DE /* Currency.h in Headers */,
				D78FA930240EACA200398D81 /* Fattmerchant.h in Headers */,
				A7AF209F2C2B2CF500DA07DE /* RequestQueueStatus.h in Headers */,
				A7AF20A42C2B2CF500DA07DE /* UserNotification.h in Headers */,
				A7AF208F2C2B2CF500DA07DE /* CCCardSchemeIdEnum.h in Headers */,
				A7AF208E2C2B2CF500DA07DE /* CCCardHash.h in Headers */,
				A7AF20852C2B2CF500DA07DE /* SOAPEnums.h in Headers */,
				A7AF20A12C2B2CF500DA07DE /* TmsStatus.h in Headers */,
			);
			runOnlyForDeploymentPostprocessing = 0;
		};
/* End PBXHeadersBuildPhase section */

/* Begin PBXNativeTarget section */
		591C208F206EB12F00C848DA /* Fattmerchant */ = {
			isa = PBXNativeTarget;
			buildConfigurationList = 591C2098206EB12F00C848DA /* Build configuration list for PBXNativeTarget "Fattmerchant" */;
			buildPhases = (
				D702B7BF23C8D25B00B8AB79 /* Swiftlint */,
				591C208D206EB12F00C848DA /* Headers */,
				591C208B206EB12F00C848DA /* Sources */,
				591C208C206EB12F00C848DA /* Frameworks */,
				591C208E206EB12F00C848DA /* Resources */,
				A7CAB34D2C0FBEC30053CE4A /* Embed Frameworks */,
			);
			buildRules = (
			);
			dependencies = (
			);
			name = Fattmerchant;
			productName = "fattmerchant-ios-sdk";
			productReference = 591C2090206EB12F00C848DA /* Fattmerchant.framework */;
			productType = "com.apple.product-type.framework";
		};
		591C209E206EB26600C848DA /* FattmerchantTests */ = {
			isa = PBXNativeTarget;
			buildConfigurationList = 591C20A7206EB26700C848DA /* Build configuration list for PBXNativeTarget "FattmerchantTests" */;
			buildPhases = (
				591C209B206EB26600C848DA /* Sources */,
				591C209C206EB26600C848DA /* Frameworks */,
				591C209D206EB26600C848DA /* Resources */,
			);
			buildRules = (
			);
			dependencies = (
			);
			name = FattmerchantTests;
			productName = fattmerchant_ios_sdkTests;
			productReference = 591C209F206EB26600C848DA /* FattmerchantTests.xctest */;
			productType = "com.apple.product-type.bundle.unit-test";
		};
/* End PBXNativeTarget section */

/* Begin PBXProject section */
		591C2087206EB12F00C848DA /* Project object */ = {
			isa = PBXProject;
			attributes = {
				LastSwiftUpdateCheck = 0920;
				LastUpgradeCheck = 1140;
				ORGANIZATIONNAME = Fattmerchant;
				TargetAttributes = {
					591C208F206EB12F00C848DA = {
						CreatedOnToolsVersion = 9.2;
						LastSwiftMigration = 1030;
					};
					591C209E206EB26600C848DA = {
						CreatedOnToolsVersion = 9.2;
						LastSwiftMigration = 1030;
						ProvisioningStyle = Automatic;
					};
				};
			};
			buildConfigurationList = 591C208A206EB12F00C848DA /* Build configuration list for PBXProject "fattmerchant-ios-sdk" */;
			compatibilityVersion = "Xcode 8.0";
			developmentRegion = en;
			hasScannedForEncodings = 0;
			knownRegions = (
				en,
				Base,
			);
			mainGroup = 591C2086206EB12F00C848DA;
			productRefGroup = 591C2091206EB12F00C848DA /* Products */;
			projectDirPath = "";
			projectRoot = "";
			targets = (
				591C208F206EB12F00C848DA /* Fattmerchant */,
				591C209E206EB26600C848DA /* FattmerchantTests */,
			);
		};
/* End PBXProject section */

/* Begin PBXResourcesBuildPhase section */
		591C208E206EB12F00C848DA /* Resources */ = {
			isa = PBXResourcesBuildPhase;
			buildActionMask = 2147483647;
			files = (
				A7AF208B2C2B2CF500DA07DE /* SQLCipher-Licence.txt in Resources */,
				A7AF20832C2B2CF500DA07DE /* CHCVSParser-Licence.txt in Resources */,
			);
			runOnlyForDeploymentPostprocessing = 0;
		};
		591C209D206EB26600C848DA /* Resources */ = {
			isa = PBXResourcesBuildPhase;
			buildActionMask = 2147483647;
			files = (
			);
			runOnlyForDeploymentPostprocessing = 0;
		};
/* End PBXResourcesBuildPhase section */

/* Begin PBXShellScriptBuildPhase section */
		D702B7BF23C8D25B00B8AB79 /* Swiftlint */ = {
			isa = PBXShellScriptBuildPhase;
			buildActionMask = 2147483647;
			files = (
			);
			inputFileListPaths = (
			);
			inputPaths = (
			);
			name = Swiftlint;
			outputFileListPaths = (
			);
			outputPaths = (
			);
			runOnlyForDeploymentPostprocessing = 0;
			shellPath = /bin/sh;
			shellScript = "# Check to see if swiflint is installed\nif which swiftlint >/dev/null; then\n# Run swiftlint only on the sdk code\ncd fattmerchant-ios-sdk\nswiftlint\nelse\necho \"warning: SwiftLint not installed, download from https://github.com/realm/SwiftLint\"\nfi\n";
		};
/* End PBXShellScriptBuildPhase section */

/* Begin PBXSourcesBuildPhase section */
		591C208B206EB12F00C848DA /* Sources */ = {
			isa = PBXSourcesBuildPhase;
			buildActionMask = 2147483647;
			files = (
				D7801BF0241F256A00A93001 /* ModelRepository+EndpointDefaultImpl.swift in Sources */,
				D79308B323D0AAD00066FCA2 /* MobileReaderDriverRepository.swift in Sources */,
				597BEA48247FE205009319D6 /* TransactionUpdateDelegate.swift in Sources */,
				D73BBCF5244D7F380052B525 /* DisconnectMobileReader.swift in Sources */,
				D73BBCF2244D697F0052B525 /* GetConnectedMobileReader.swift in Sources */,
				596611A725E6CE8400AEDB2E /* UserNotificationListener.swift in Sources */,
				D71B6F91239E971A007FB7C4 /* ChipDnaDriver.swift in Sources */,
				D765D46F23CC488000656040 /* Merchant.swift in Sources */,
				D79308BB23D0ADEF0066FCA2 /* InitializeDrivers.swift in Sources */,
				D765D47923CC4B1100656040 /* CustomerRepository.swift in Sources */,
				D79308AD23D0AA230066FCA2 /* TransactionResult.swift in Sources */,
				D79308A423D0A8B10066FCA2 /* MobileReader.swift in Sources */,
				593A7FD7246878B700D78874 /* AsyncFilter.swift in Sources */,
				46231C5B24DAF4A500A06E1B /* CatalogItem.swift in Sources */,
				D765D47523CC4A1400656040 /* Transaction.swift in Sources */,
				D7A28D612433E2CA00FC8872 /* TakePayment.swift in Sources */,
				D79308C723D1045C0066FCA2 /* Omni.swift in Sources */,
				596611AB25E6D19200AEDB2E /* UserNotification.swift in Sources */,
				5993C25E2076BD73004DDA9F /* CreditCard.swift in Sources */,
				D79308BE23D0AF3D0066FCA2 /* TakeMobileReaderPayment.swift in Sources */,
				594466AB249C5BDC00C6CFD8 /* CancelCurrentTransaction.swift in Sources */,
				D79308A723D0A9050066FCA2 /* MobileReaderDriver.swift in Sources */,
				594466B1249E993C00C6CFD8 /* MobileReaderConnectionStatus.swift in Sources */,
				D79308D023D22D900066FCA2 /* ChipDnaTransactionListener.swift in Sources */,
				D765D49923CFC22600656040 /* PaymentMethodRepository.swift in Sources */,
				D78FA932240EF48B00398D81 /* SignatureProviding.swift in Sources */,
				D79308D423D24B680066FCA2 /* Endpoints.swift in Sources */,
				D765D47C23CCBB0500656040 /* ModelRepository.swift in Sources */,
				5993C2642077A687004DDA9F /* BankAccount.swift in Sources */,
				D7A28D642436278600FC8872 /* TokenizePaymentMethod.swift in Sources */,
				597BEA4B2480C4C9009319D6 /* TransactionGateway.swift in Sources */,
				D783DAC02449E905007C0A17 /* ChargeRequest.swift in Sources */,
				D765D46923CC467100656040 /* Model.swift in Sources */,
				D7801BF4241F26E200A93001 /* ModelRepository+DefaultImpl.swift in Sources */,
				5993C25A2076BD16004DDA9F /* Networking.swift in Sources */,
				D79308D223D22F480066FCA2 /* ChipDnaTransactionUserReference.swift in Sources */,
				D79308C123D0E0B40066FCA2 /* SearchForReaders.swift in Sources */,
				D79308B023D0AA9A0066FCA2 /* TransactionType.swift in Sources */,
				D765D48423CE41A500656040 /* JSONValue.swift in Sources */,
				D765D49F23CFCA1400656040 /* Amount.swift in Sources */,
				D765D49623CFC1A000656040 /* InvoiceRepository.swift in Sources */,
				5993C2682077B6B6004DDA9F /* PaymentMethodType.swift in Sources */,
				D71DDE7E28979D9F00D4C42E /* String+Blank.swift in Sources */,
				D765D47223CC49C800656040 /* Self.swift in Sources */,
				D79308CB23D229420066FCA2 /* ChipDnaUtils.swift in Sources */,
				D7E15C5626577CFA006D4EE7 /* CapturePreauthTransaction.swift in Sources */,
				D7C17B2C23EA00EB0031D9BB /* MockDriver.swift in Sources */,
				D765D46C23CC478000656040 /* Invoice.swift in Sources */,
				D765D47F23CCBBFD00656040 /* OmniException.swift in Sources */,
				D7E15C5926578C6E006D4EE7 /* VoidTransaction.swift in Sources */,
				D79308C423D0E3C90066FCA2 /* RefundMobileReaderTransaction.swift in Sources */,
				5993C25C2076BD68004DDA9F /* PaymentMethod.swift in Sources */,
				46C3ECC724CF551F005B4790 /* MobileReaderDetails.swift in Sources */,
				D79308AA23D0A9FB0066FCA2 /* TransactionRequest.swift in Sources */,
				D79308B823D0AC3A0066FCA2 /* ConnectMobileReader.swift in Sources */,
				597BEA4D2480D892009319D6 /* ChipDnaXMLTransactionParser.swift in Sources */,
				D781037F23D9F85100256F2F /* PaginatedData.swift in Sources */,
				D765D46623CC465800656040 /* Customer.swift in Sources */,
				D7B7113B23D63B0D00EF98DB /* Environment.swift in Sources */,
				594466AE249E94F800C6CFD8 /* MobileReaderConnectionStatusDelegate.swift in Sources */,
				5993C2662077B4EE004DDA9F /* BankHolderType.swift in Sources */,
				D765D49C23CFC32200656040 /* TransactionRepository.swift in Sources */,
				59561818248C3FBD00E622B6 /* TransactionUpdate.swift in Sources */,
				D702B7BD23C8D0DD00B8AB79 /* OmniApi.swift in Sources */,
			);
			runOnlyForDeploymentPostprocessing = 0;
		};
		591C209B206EB26600C848DA /* Sources */ = {
			isa = PBXSourcesBuildPhase;
			buildActionMask = 2147483647;
			files = (
				D765D48823CE422400656040 /* JSONValueTest.swift in Sources */,
				D760D82A23D884680075057C /* CustomerJson.swift in Sources */,
				596611A825E6CE8400AEDB2E /* UserNotificationListener.swift in Sources */,
				D765D4A023CFCA1400656040 /* Amount.swift in Sources */,
				D783DAC42449F35E007C0A17 /* TakePaymentTests.swift in Sources */,
				594466AF249E94F800C6CFD8 /* MobileReaderConnectionStatusDelegate.swift in Sources */,
				466BBA5424E7676C00EAEBBB /* ChipDnaDriver.swift in Sources */,
				D7C17B2523E4BA200031D9BB /* SearchForReaders.swift in Sources */,
				D73BBCF7244D805C0052B525 /* DisconnectMobileReaderTests.swift in Sources */,
				D702B7CC23C8F80200B8AB79 /* PaymentMethod.swift in Sources */,
				D7A28D622433E2CA00FC8872 /* TakePayment.swift in Sources */,
				D7801C00241F355300A93001 /* OmniApi.swift in Sources */,
				594466B2249E993C00C6CFD8 /* MobileReaderConnectionStatus.swift in Sources */,
				D765D47023CC488000656040 /* Merchant.swift in Sources */,
				D765D47A23CC4B1100656040 /* CustomerRepository.swift in Sources */,
				D7A28D652436278600FC8872 /* TokenizePaymentMethod.swift in Sources */,
				D765D47623CC4A1400656040 /* Transaction.swift in Sources */,
				596611AD25E6D19300AEDB2E /* UserNotification.swift in Sources */,
				D79308A823D0A9050066FCA2 /* MobileReaderDriver.swift in Sources */,
				594466B324A09D4C00C6CFD8 /* TransactionUpdateDelegate.swift in Sources */,
				D7C17B2423E4BA200031D9BB /* TakeMobileReaderPayment.swift in Sources */,
				D79308AE23D0AA230066FCA2 /* TransactionResult.swift in Sources */,
				D7E15C5726577CFA006D4EE7 /* CapturePreauthTransaction.swift in Sources */,
				D765D49723CFC1A000656040 /* InvoiceRepository.swift in Sources */,
				D73BBCF3244D697F0052B525 /* GetConnectedMobileReader.swift in Sources */,
				D702B7CD23C8F80200B8AB79 /* CreditCard.swift in Sources */,
				46231C5D24DAFF8100A06E1B /* MobileReaderDetails.swift in Sources */,
				D7692F1923E4B00500CB0954 /* OmniTest.swift in Sources */,
				D781038023D9F85100256F2F /* PaginatedData.swift in Sources */,
				D79308D523D24C880066FCA2 /* Endpoints.swift in Sources */,
				D760D82C23D884F70075057C /* PaymentMethodJson.swift in Sources */,
				D7692F1B23E4B49B00CB0954 /* MobileReaderDriverRepository.swift in Sources */,
				D78FA933240EF48B00398D81 /* SignatureProviding.swift in Sources */,
				D7801BF2241F264400A93001 /* MockModelRepository.swift in Sources */,
				D783DAC12449E905007C0A17 /* ChargeRequest.swift in Sources */,
				594466B424A09E4200C6CFD8 /* TransactionUpdate.swift in Sources */,
				597BEA5124851B7D009319D6 /* ChipDnaXMLTransactionParserTests.swift in Sources */,
				59F1FF3F24742F3F00019E06 /* TakeMobileReaderPaymentTests.swift in Sources */,
				D7C17B2D23EA010F0031D9BB /* MockDriver.swift in Sources */,
				D7B7113C23D63B0D00EF98DB /* Environment.swift in Sources */,
				D7E15C5A26578C6E006D4EE7 /* VoidTransaction.swift in Sources */,
				D765D49A23CFC22600656040 /* PaymentMethodRepository.swift in Sources */,
				D765D47D23CCBB0500656040 /* ModelRepository.swift in Sources */,
				D702B7CE23C8F80200B8AB79 /* BankAccount.swift in Sources */,
				D7801C01241F35FE00A93001 /* MockOmniApi.swift in Sources */,
				D765D46A23CC467100656040 /* Model.swift in Sources */,
				D7C17B2623E4BA200031D9BB /* RefundMobileReaderTransaction.swift in Sources */,
				597BEA4E2480D892009319D6 /* ChipDnaXMLTransactionParser.swift in Sources */,
				D7C17B2223E4BA200031D9BB /* ConnectMobileReader.swift in Sources */,
				D702B7CF23C8F80200B8AB79 /* BankHolderType.swift in Sources */,
				D765D48523CE41A500656040 /* JSONValue.swift in Sources */,
				D702B7D023C8F80200B8AB79 /* PaymentMethodType.swift in Sources */,
				D765D47323CC49C800656040 /* Self.swift in Sources */,
				D73BBCF9244D81210052B525 /* DisconnectMobileReader.swift in Sources */,
				593A7FD8246878B700D78874 /* AsyncFilter.swift in Sources */,
				D760D82F23D885250075057C /* TransactionJson.swift in Sources */,
				D765D46D23CC478000656040 /* Invoice.swift in Sources */,
				593A7FDB2468956000D78874 /* AsyncFilterTests.swift in Sources */,
				D765D48023CCBBFD00656040 /* OmniException.swift in Sources */,
				D702B7D123C8F80200B8AB79 /* Networking.swift in Sources */,
				D79308AB23D0A9FB0066FCA2 /* TransactionRequest.swift in Sources */,
				D7C17B2323E4BA200031D9BB /* InitializeDrivers.swift in Sources */,
				D79308A523D0A8B10066FCA2 /* MobileReader.swift in Sources */,
				D79308B123D0AA9A0066FCA2 /* TransactionType.swift in Sources */,
				594466AC249C5BDC00C6CFD8 /* CancelCurrentTransaction.swift in Sources */,
				D765D49123CE6A3D00656040 /* MerchantJson.swift in Sources */,
				D765D46723CC465800656040 /* Customer.swift in Sources */,
				D7801BFF241F303600A93001 /* MockPaymentMethodRepository.swift in Sources */,
				D7692F2423E4B6BA00CB0954 /* MockMobileReaderDriverRepository.swift in Sources */,
				597BEA5324851BA9009319D6 /* ChipDnaTransctionXMLResponse.swift in Sources */,
				D7D2C51E23F203F8001733A2 /* RefundMobileReaderTransactionTests.swift in Sources */,
				D79308A023D0A1B50066FCA2 /* AmountTests.swift in Sources */,
				46231C5C24DAF4A500A06E1B /* CatalogItem.swift in Sources */,
				D7692F1A23E4B03200CB0954 /* Omni.swift in Sources */,
				D765D49D23CFC32200656040 /* TransactionRepository.swift in Sources */,
				D760D82823D87F5D0075057C /* InvoiceJson.swift in Sources */,
				D71DDE7F28979D9F00D4C42E /* String+Blank.swift in Sources */,
			);
			runOnlyForDeploymentPostprocessing = 0;
		};
/* End PBXSourcesBuildPhase section */

/* Begin XCBuildConfiguration section */
		591C2096206EB12F00C848DA /* Debug */ = {
			isa = XCBuildConfiguration;
			buildSettings = {
				ALWAYS_SEARCH_USER_PATHS = NO;
				CLANG_ANALYZER_NONNULL = YES;
				CLANG_ANALYZER_NUMBER_OBJECT_CONVERSION = YES_AGGRESSIVE;
				CLANG_CXX_LANGUAGE_STANDARD = "gnu++14";
				CLANG_CXX_LIBRARY = "libc++";
				CLANG_ENABLE_CODE_COVERAGE = YES;
				CLANG_ENABLE_MODULES = YES;
				CLANG_ENABLE_OBJC_ARC = YES;
				CLANG_WARN_BLOCK_CAPTURE_AUTORELEASING = YES;
				CLANG_WARN_BOOL_CONVERSION = YES;
				CLANG_WARN_COMMA = YES;
				CLANG_WARN_CONSTANT_CONVERSION = YES;
				CLANG_WARN_DEPRECATED_OBJC_IMPLEMENTATIONS = YES;
				CLANG_WARN_DIRECT_OBJC_ISA_USAGE = YES_ERROR;
				CLANG_WARN_DOCUMENTATION_COMMENTS = YES;
				CLANG_WARN_EMPTY_BODY = YES;
				CLANG_WARN_ENUM_CONVERSION = YES;
				CLANG_WARN_INFINITE_RECURSION = YES;
				CLANG_WARN_INT_CONVERSION = YES;
				CLANG_WARN_NON_LITERAL_NULL_CONVERSION = YES;
				CLANG_WARN_OBJC_IMPLICIT_RETAIN_SELF = YES;
				CLANG_WARN_OBJC_LITERAL_CONVERSION = YES;
				CLANG_WARN_OBJC_ROOT_CLASS = YES_ERROR;
				CLANG_WARN_RANGE_LOOP_ANALYSIS = YES;
				CLANG_WARN_STRICT_PROTOTYPES = YES;
				CLANG_WARN_SUSPICIOUS_MOVE = YES;
				CLANG_WARN_UNGUARDED_AVAILABILITY = YES_AGGRESSIVE;
				CLANG_WARN_UNREACHABLE_CODE = YES;
				CLANG_WARN__DUPLICATE_METHOD_MATCH = YES;
				COPY_PHASE_STRIP = NO;
				CURRENT_PROJECT_VERSION = 1;
				DEBUG_INFORMATION_FORMAT = dwarf;
				DEVELOPMENT_TEAM = DYRYDWJYX5;
				ENABLE_STRICT_OBJC_MSGSEND = YES;
				ENABLE_TESTABILITY = YES;
				"EXCLUDED_ARCHS[sdk=iphonesimulator*]" = arm64;
				GCC_C_LANGUAGE_STANDARD = gnu11;
				GCC_DYNAMIC_NO_PIC = NO;
				GCC_NO_COMMON_BLOCKS = YES;
				GCC_OPTIMIZATION_LEVEL = 0;
				GCC_PREPROCESSOR_DEFINITIONS = (
					"DEBUG=1",
					"$(inherited)",
				);
				GCC_WARN_64_TO_32_BIT_CONVERSION = YES;
				GCC_WARN_ABOUT_RETURN_TYPE = YES_ERROR;
				GCC_WARN_UNDECLARED_SELECTOR = YES;
				GCC_WARN_UNINITIALIZED_AUTOS = YES_AGGRESSIVE;
				GCC_WARN_UNUSED_FUNCTION = YES;
				GCC_WARN_UNUSED_VARIABLE = YES;
				MTL_ENABLE_DEBUG_INFO = YES;
				ONLY_ACTIVE_ARCH = YES;
				OTHER_LDFLAGS = "-lz";
				SDKROOT = iphoneos;
				SWIFT_ACTIVE_COMPILATION_CONDITIONS = DEBUG;
				SWIFT_OPTIMIZATION_LEVEL = "-Onone";
				SWIFT_VERSION = 4.0;
				VERSIONING_SYSTEM = "apple-generic";
				VERSION_INFO_PREFIX = "";
			};
			name = Debug;
		};
		591C2097206EB12F00C848DA /* Release */ = {
			isa = XCBuildConfiguration;
			buildSettings = {
				ALWAYS_SEARCH_USER_PATHS = NO;
				CLANG_ANALYZER_NONNULL = YES;
				CLANG_ANALYZER_NUMBER_OBJECT_CONVERSION = YES_AGGRESSIVE;
				CLANG_CXX_LANGUAGE_STANDARD = "gnu++14";
				CLANG_CXX_LIBRARY = "libc++";
				CLANG_ENABLE_CODE_COVERAGE = YES;
				CLANG_ENABLE_MODULES = YES;
				CLANG_ENABLE_OBJC_ARC = YES;
				CLANG_WARN_BLOCK_CAPTURE_AUTORELEASING = YES;
				CLANG_WARN_BOOL_CONVERSION = YES;
				CLANG_WARN_COMMA = YES;
				CLANG_WARN_CONSTANT_CONVERSION = YES;
				CLANG_WARN_DEPRECATED_OBJC_IMPLEMENTATIONS = YES;
				CLANG_WARN_DIRECT_OBJC_ISA_USAGE = YES_ERROR;
				CLANG_WARN_DOCUMENTATION_COMMENTS = YES;
				CLANG_WARN_EMPTY_BODY = YES;
				CLANG_WARN_ENUM_CONVERSION = YES;
				CLANG_WARN_INFINITE_RECURSION = YES;
				CLANG_WARN_INT_CONVERSION = YES;
				CLANG_WARN_NON_LITERAL_NULL_CONVERSION = YES;
				CLANG_WARN_OBJC_IMPLICIT_RETAIN_SELF = YES;
				CLANG_WARN_OBJC_LITERAL_CONVERSION = YES;
				CLANG_WARN_OBJC_ROOT_CLASS = YES_ERROR;
				CLANG_WARN_RANGE_LOOP_ANALYSIS = YES;
				CLANG_WARN_STRICT_PROTOTYPES = YES;
				CLANG_WARN_SUSPICIOUS_MOVE = YES;
				CLANG_WARN_UNGUARDED_AVAILABILITY = YES_AGGRESSIVE;
				CLANG_WARN_UNREACHABLE_CODE = YES;
				CLANG_WARN__DUPLICATE_METHOD_MATCH = YES;
				COPY_PHASE_STRIP = NO;
				CURRENT_PROJECT_VERSION = 1;
				DEBUG_INFORMATION_FORMAT = "dwarf-with-dsym";
				DEVELOPMENT_TEAM = DYRYDWJYX5;
				ENABLE_NS_ASSERTIONS = NO;
				ENABLE_STRICT_OBJC_MSGSEND = YES;
				"EXCLUDED_ARCHS[sdk=iphonesimulator*]" = arm64;
				GCC_C_LANGUAGE_STANDARD = gnu11;
				GCC_NO_COMMON_BLOCKS = YES;
				GCC_WARN_64_TO_32_BIT_CONVERSION = YES;
				GCC_WARN_ABOUT_RETURN_TYPE = YES_ERROR;
				GCC_WARN_UNDECLARED_SELECTOR = YES;
				GCC_WARN_UNINITIALIZED_AUTOS = YES_AGGRESSIVE;
				GCC_WARN_UNUSED_FUNCTION = YES;
				GCC_WARN_UNUSED_VARIABLE = YES;
				MTL_ENABLE_DEBUG_INFO = NO;
				OTHER_LDFLAGS = "-lz";
				SDKROOT = iphoneos;
				SWIFT_COMPILATION_MODE = wholemodule;
				SWIFT_OPTIMIZATION_LEVEL = "-O";
				SWIFT_VERSION = 4.0;
				VALIDATE_PRODUCT = YES;
				VERSIONING_SYSTEM = "apple-generic";
				VERSION_INFO_PREFIX = "";
			};
			name = Release;
		};
		591C2099206EB12F00C848DA /* Debug */ = {
			isa = XCBuildConfiguration;
			buildSettings = {
				CLANG_ENABLE_MODULES = YES;
				"CODE_SIGN_IDENTITY[sdk=macosx*]" = "-";
				CURRENT_PROJECT_VERSION = 18;
				DEFINES_MODULE = YES;
				DEVELOPMENT_TEAM = DYRYDWJYX5;
				DYLIB_COMPATIBILITY_VERSION = 1;
				DYLIB_CURRENT_VERSION = 1;
				DYLIB_INSTALL_NAME_BASE = "@rpath";
				ENABLE_BITCODE = NO;
				FRAMEWORK_SEARCH_PATHS = (
					"$(inherited)",
					"$(PROJECT_DIR)",
				);
				INFOPLIST_FILE = "fattmerchant-ios-sdk/Info.plist";
				INSTALL_PATH = "$(LOCAL_LIBRARY_DIR)/Frameworks";
				IPHONEOS_DEPLOYMENT_TARGET = 12.0;
				LD_RUNPATH_SEARCH_PATHS = (
					"$(inherited)",
					"@executable_path/Frameworks",
					"@loader_path/Frameworks",
				);
				LIBRARY_SEARCH_PATHS = (
					"$(inherited)",
					"$(PROJECT_DIR)/fattmerchant-ios-sdk/Vendor/ChipDnaMobile",
					"$(PROJECT_DIR)/fattmerchant-ios-sdk/Vendor/ChipDnaMobile/SQLCipher",
				);
				MARKETING_VERSION = "2.2.1-beta";
				ONLY_ACTIVE_ARCH = NO;
				PRODUCT_BUNDLE_IDENTIFIER = "com.fattmerchant.fattmerchant-ios-sdk";
				PRODUCT_NAME = "$(TARGET_NAME:c99extidentifier)";
				SKIP_INSTALL = NO;
				SUPPORTED_PLATFORMS = "iphoneos iphonesimulator";
				SUPPORTS_MACCATALYST = NO;
				SUPPORTS_MAC_DESIGNED_FOR_IPHONE_IPAD = NO;
				SUPPORTS_XR_DESIGNED_FOR_IPHONE_IPAD = NO;
				SWIFT_OPTIMIZATION_LEVEL = "-Onone";
				SWIFT_VERSION = 4.0;
				TARGETED_DEVICE_FAMILY = "1,2";
				VALIDATE_WORKSPACE = YES;
			};
			name = Debug;
		};
		591C209A206EB12F00C848DA /* Release */ = {
			isa = XCBuildConfiguration;
			buildSettings = {
				CLANG_ENABLE_MODULES = YES;
				"CODE_SIGN_IDENTITY[sdk=macosx*]" = "-";
				CURRENT_PROJECT_VERSION = 18;
				DEFINES_MODULE = YES;
				DEVELOPMENT_TEAM = DYRYDWJYX5;
				DYLIB_COMPATIBILITY_VERSION = 1;
				DYLIB_CURRENT_VERSION = 1;
				DYLIB_INSTALL_NAME_BASE = "@rpath";
				ENABLE_BITCODE = NO;
				FRAMEWORK_SEARCH_PATHS = (
					"$(inherited)",
					"$(PROJECT_DIR)",
				);
				INFOPLIST_FILE = "fattmerchant-ios-sdk/Info.plist";
				INSTALL_PATH = "$(LOCAL_LIBRARY_DIR)/Frameworks";
				IPHONEOS_DEPLOYMENT_TARGET = 12.0;
				LD_RUNPATH_SEARCH_PATHS = (
					"$(inherited)",
					"@executable_path/Frameworks",
					"@loader_path/Frameworks",
				);
				LIBRARY_SEARCH_PATHS = (
					"$(inherited)",
					"$(PROJECT_DIR)/fattmerchant-ios-sdk/Vendor/ChipDnaMobile",
					"$(PROJECT_DIR)/fattmerchant-ios-sdk/Vendor/ChipDnaMobile/SQLCipher",
				);
				MARKETING_VERSION = "2.2.1-beta";
				ONLY_ACTIVE_ARCH = YES;
				PRODUCT_BUNDLE_IDENTIFIER = "com.fattmerchant.fattmerchant-ios-sdk";
				PRODUCT_NAME = "$(TARGET_NAME:c99extidentifier)";
				SKIP_INSTALL = NO;
				SUPPORTED_PLATFORMS = "iphoneos iphonesimulator";
				SUPPORTS_MACCATALYST = NO;
				SUPPORTS_MAC_DESIGNED_FOR_IPHONE_IPAD = NO;
				SUPPORTS_XR_DESIGNED_FOR_IPHONE_IPAD = NO;
				SWIFT_VERSION = 4.0;
				TARGETED_DEVICE_FAMILY = "1,2";
				VALIDATE_WORKSPACE = YES;
			};
			name = Release;
		};
		591C20A8206EB26700C848DA /* Debug */ = {
			isa = XCBuildConfiguration;
			buildSettings = {
				ALWAYS_EMBED_SWIFT_STANDARD_LIBRARIES = YES;
				FRAMEWORK_SEARCH_PATHS = (
					"$(inherited)",
					"$(PROJECT_DIR)",
				);
				INFOPLIST_FILE = fattmerchant_ios_sdkTests/Info.plist;
				LD_RUNPATH_SEARCH_PATHS = (
					"$(inherited)",
					"@executable_path/Frameworks",
					"@loader_path/Frameworks",
				);
				LIBRARY_SEARCH_PATHS = (
					"$(inherited)",
					"$(PROJECT_DIR)/fattmerchant-ios-sdk/Cardpresent/ChipDnaMobile",
					"$(PROJECT_DIR)/fattmerchant-ios-sdk/Cardpresent/ChipDnaMobile/SQLCipher",
				);
				ONLY_ACTIVE_ARCH = NO;
				PRODUCT_BUNDLE_IDENTIFIER = "com.fattmerchant.fattmerchant-ios-sdkTests";
				PRODUCT_NAME = "$(TARGET_NAME)";
				SUPPORTED_PLATFORMS = "iphoneos iphonesimulator";
				SUPPORTS_MACCATALYST = NO;
				SUPPORTS_MAC_DESIGNED_FOR_IPHONE_IPAD = NO;
				SUPPORTS_XR_DESIGNED_FOR_IPHONE_IPAD = NO;
				SWIFT_VERSION = 4.0;
				TARGETED_DEVICE_FAMILY = "1,2";
			};
			name = Debug;
		};
		591C20A9206EB26700C848DA /* Release */ = {
			isa = XCBuildConfiguration;
			buildSettings = {
				ALWAYS_EMBED_SWIFT_STANDARD_LIBRARIES = YES;
				FRAMEWORK_SEARCH_PATHS = (
					"$(inherited)",
					"$(PROJECT_DIR)",
				);
				INFOPLIST_FILE = fattmerchant_ios_sdkTests/Info.plist;
				LD_RUNPATH_SEARCH_PATHS = (
					"$(inherited)",
					"@executable_path/Frameworks",
					"@loader_path/Frameworks",
				);
				LIBRARY_SEARCH_PATHS = (
					"$(inherited)",
					"$(PROJECT_DIR)/fattmerchant-ios-sdk/Cardpresent/ChipDnaMobile",
					"$(PROJECT_DIR)/fattmerchant-ios-sdk/Cardpresent/ChipDnaMobile/SQLCipher",
				);
				ONLY_ACTIVE_ARCH = YES;
				PRODUCT_BUNDLE_IDENTIFIER = "com.fattmerchant.fattmerchant-ios-sdkTests";
				PRODUCT_NAME = "$(TARGET_NAME)";
				SUPPORTED_PLATFORMS = "iphoneos iphonesimulator";
				SUPPORTS_MACCATALYST = NO;
				SUPPORTS_MAC_DESIGNED_FOR_IPHONE_IPAD = NO;
				SUPPORTS_XR_DESIGNED_FOR_IPHONE_IPAD = NO;
				SWIFT_VERSION = 4.0;
				TARGETED_DEVICE_FAMILY = "1,2";
			};
			name = Release;
		};
/* End XCBuildConfiguration section */

/* Begin XCConfigurationList section */
		591C208A206EB12F00C848DA /* Build configuration list for PBXProject "fattmerchant-ios-sdk" */ = {
			isa = XCConfigurationList;
			buildConfigurations = (
				591C2096206EB12F00C848DA /* Debug */,
				591C2097206EB12F00C848DA /* Release */,
			);
			defaultConfigurationIsVisible = 0;
			defaultConfigurationName = Release;
		};
		591C2098206EB12F00C848DA /* Build configuration list for PBXNativeTarget "Fattmerchant" */ = {
			isa = XCConfigurationList;
			buildConfigurations = (
				591C2099206EB12F00C848DA /* Debug */,
				591C209A206EB12F00C848DA /* Release */,
			);
			defaultConfigurationIsVisible = 0;
			defaultConfigurationName = Release;
		};
		591C20A7206EB26700C848DA /* Build configuration list for PBXNativeTarget "FattmerchantTests" */ = {
			isa = XCConfigurationList;
			buildConfigurations = (
				591C20A8206EB26700C848DA /* Debug */,
				591C20A9206EB26700C848DA /* Release */,
			);
			defaultConfigurationIsVisible = 0;
			defaultConfigurationName = Release;
		};
/* End XCConfigurationList section */
	};
	rootObject = 591C2087206EB12F00C848DA /* Project object */;
}
