// !$*UTF8*$!
{
	archiveVersion = 1;
	classes = {
	};
	objectVersion = 50;
	objects = {

/* Begin PBXBuildFile section */
		464D64E525A51E6F009AF826 /* Fattmerchant.framework in Frameworks */ = {isa = PBXBuildFile; fileRef = D7B7113623D58D7F00EF98DB /* Fattmerchant.framework */; };
		464D64E625A51E6F009AF826 /* Fattmerchant.framework in Embed Frameworks */ = {isa = PBXBuildFile; fileRef = D7B7113623D58D7F00EF98DB /* Fattmerchant.framework */; settings = {ATTRIBUTES = (CodeSignOnCopy, RemoveHeadersOnCopy, ); }; };
		D7720E1F2412F53A0064DBDC /* SignatureViewController.swift in Sources */ = {isa = PBXBuildFile; fileRef = D7720E1E2412F53A0064DBDC /* SignatureViewController.swift */; };
		D781037D23D959FA00256F2F /* TransactionPickerViewController.swift in Sources */ = {isa = PBXBuildFile; fileRef = D781037C23D959FA00256F2F /* TransactionPickerViewController.swift */; };
		D781038223DA472400256F2F /* MobileReaderPickerController.swift in Sources */ = {isa = PBXBuildFile; fileRef = D781038123DA472400256F2F /* MobileReaderPickerController.swift */; };
		D7B7111A23D58C4A00EF98DB /* AppDelegate.swift in Sources */ = {isa = PBXBuildFile; fileRef = D7B7111923D58C4A00EF98DB /* AppDelegate.swift */; };
		D7B7111C23D58C4A00EF98DB /* ViewController.swift in Sources */ = {isa = PBXBuildFile; fileRef = D7B7111B23D58C4A00EF98DB /* ViewController.swift */; };
		D7B7111F23D58C4A00EF98DB /* Main.storyboard in Resources */ = {isa = PBXBuildFile; fileRef = D7B7111D23D58C4A00EF98DB /* Main.storyboard */; };
		D7B7112123D58C4B00EF98DB /* Assets.xcassets in Resources */ = {isa = PBXBuildFile; fileRef = D7B7112023D58C4B00EF98DB /* Assets.xcassets */; };
		D7B7112423D58C4B00EF98DB /* LaunchScreen.storyboard in Resources */ = {isa = PBXBuildFile; fileRef = D7B7112223D58C4B00EF98DB /* LaunchScreen.storyboard */; };
/* End PBXBuildFile section */

/* Begin PBXCopyFilesBuildPhase section */
		464D64E725A51E6F009AF826 /* Embed Frameworks */ = {
			isa = PBXCopyFilesBuildPhase;
			buildActionMask = 2147483647;
			dstPath = "";
			dstSubfolderSpec = 10;
			files = (
				464D64E625A51E6F009AF826 /* Fattmerchant.framework in Embed Frameworks */,
			);
			name = "Embed Frameworks";
			runOnlyForDeploymentPostprocessing = 0;
		};
/* End PBXCopyFilesBuildPhase section */

/* Begin PBXFileReference section */
		D7720E1E2412F53A0064DBDC /* SignatureViewController.swift */ = {isa = PBXFileReference; lastKnownFileType = sourcecode.swift; path = SignatureViewController.swift; sourceTree = "<group>"; };
		D781037C23D959FA00256F2F /* TransactionPickerViewController.swift */ = {isa = PBXFileReference; lastKnownFileType = sourcecode.swift; path = TransactionPickerViewController.swift; sourceTree = "<group>"; };
		D781038123DA472400256F2F /* MobileReaderPickerController.swift */ = {isa = PBXFileReference; lastKnownFileType = sourcecode.swift; path = MobileReaderPickerController.swift; sourceTree = "<group>"; };
		D7B7111623D58C4A00EF98DB /* Fattmerchant-iOS-SDK-Sample.app */ = {isa = PBXFileReference; explicitFileType = wrapper.application; includeInIndex = 0; path = "Fattmerchant-iOS-SDK-Sample.app"; sourceTree = BUILT_PRODUCTS_DIR; };
		D7B7111923D58C4A00EF98DB /* AppDelegate.swift */ = {isa = PBXFileReference; lastKnownFileType = sourcecode.swift; path = AppDelegate.swift; sourceTree = "<group>"; };
		D7B7111B23D58C4A00EF98DB /* ViewController.swift */ = {isa = PBXFileReference; lastKnownFileType = sourcecode.swift; path = ViewController.swift; sourceTree = "<group>"; };
		D7B7111E23D58C4A00EF98DB /* Base */ = {isa = PBXFileReference; lastKnownFileType = file.storyboard; name = Base; path = Base.lproj/Main.storyboard; sourceTree = "<group>"; };
		D7B7112023D58C4B00EF98DB /* Assets.xcassets */ = {isa = PBXFileReference; lastKnownFileType = folder.assetcatalog; path = Assets.xcassets; sourceTree = "<group>"; };
		D7B7112323D58C4B00EF98DB /* Base */ = {isa = PBXFileReference; lastKnownFileType = file.storyboard; name = Base; path = Base.lproj/LaunchScreen.storyboard; sourceTree = "<group>"; };
		D7B7112523D58C4B00EF98DB /* Info.plist */ = {isa = PBXFileReference; lastKnownFileType = text.plist.xml; path = Info.plist; sourceTree = "<group>"; };
		D7B7113623D58D7F00EF98DB /* Fattmerchant.framework */ = {isa = PBXFileReference; explicitFileType = wrapper.framework; path = Fattmerchant.framework; sourceTree = BUILT_PRODUCTS_DIR; };
/* End PBXFileReference section */

/* Begin PBXFrameworksBuildPhase section */
		D7B7111323D58C4A00EF98DB /* Frameworks */ = {
			isa = PBXFrameworksBuildPhase;
			buildActionMask = 2147483647;
			files = (
				464D64E525A51E6F009AF826 /* Fattmerchant.framework in Frameworks */,
			);
			runOnlyForDeploymentPostprocessing = 0;
		};
/* End PBXFrameworksBuildPhase section */

/* Begin PBXGroup section */
		464D64E125A51E1F009AF826 /* Frameworks */ = {
			isa = PBXGroup;
			children = (
			);
			name = Frameworks;
			sourceTree = "<group>";
		};
		D7B7110D23D58C4A00EF98DB = {
			isa = PBXGroup;
			children = (
				D7B7113623D58D7F00EF98DB /* Fattmerchant.framework */,
				D7B7111823D58C4A00EF98DB /* Fattmerchant-iOS-SDK-Sample */,
				D7B7111723D58C4A00EF98DB /* Products */,
				464D64E125A51E1F009AF826 /* Frameworks */,
			);
			sourceTree = "<group>";
		};
		D7B7111723D58C4A00EF98DB /* Products */ = {
			isa = PBXGroup;
			children = (
				D7B7111623D58C4A00EF98DB /* Fattmerchant-iOS-SDK-Sample.app */,
			);
			name = Products;
			sourceTree = "<group>";
		};
		D7B7111823D58C4A00EF98DB /* Fattmerchant-iOS-SDK-Sample */ = {
			isa = PBXGroup;
			children = (
				D7B7111923D58C4A00EF98DB /* AppDelegate.swift */,
				D7B7111B23D58C4A00EF98DB /* ViewController.swift */,
				D7B7111D23D58C4A00EF98DB /* Main.storyboard */,
				D7B7112023D58C4B00EF98DB /* Assets.xcassets */,
				D7B7112223D58C4B00EF98DB /* LaunchScreen.storyboard */,
				D7B7112523D58C4B00EF98DB /* Info.plist */,
				D781037C23D959FA00256F2F /* TransactionPickerViewController.swift */,
				D781038123DA472400256F2F /* MobileReaderPickerController.swift */,
				D7720E1E2412F53A0064DBDC /* SignatureViewController.swift */,
			);
			path = "Fattmerchant-iOS-SDK-Sample";
			sourceTree = "<group>";
		};
/* End PBXGroup section */

/* Begin PBXNativeTarget section */
		D7B7111523D58C4A00EF98DB /* Fattmerchant-iOS-SDK-Sample */ = {
			isa = PBXNativeTarget;
			buildConfigurationList = D7B7112823D58C4B00EF98DB /* Build configuration list for PBXNativeTarget "Fattmerchant-iOS-SDK-Sample" */;
			buildPhases = (
				D7B7111223D58C4A00EF98DB /* Sources */,
				D7B7111323D58C4A00EF98DB /* Frameworks */,
				D7B7111423D58C4A00EF98DB /* Resources */,
				464D64E725A51E6F009AF826 /* Embed Frameworks */,
			);
			buildRules = (
			);
			dependencies = (
			);
			name = "Fattmerchant-iOS-SDK-Sample";
			productName = "Fattmerchant-iOS-SDK-Sample";
			productReference = D7B7111623D58C4A00EF98DB /* Fattmerchant-iOS-SDK-Sample.app */;
			productType = "com.apple.product-type.application";
		};
/* End PBXNativeTarget section */

/* Begin PBXProject section */
		D7B7110E23D58C4A00EF98DB /* Project object */ = {
			isa = PBXProject;
			attributes = {
				LastSwiftUpdateCheck = 1030;
				LastUpgradeCheck = 1030;
				ORGANIZATIONNAME = Fattmerchant;
				TargetAttributes = {
					D7B7111523D58C4A00EF98DB = {
						CreatedOnToolsVersion = 10.3;
					};
				};
			};
			buildConfigurationList = D7B7111123D58C4A00EF98DB /* Build configuration list for PBXProject "Fattmerchant-iOS-SDK-Sample" */;
			compatibilityVersion = "Xcode 9.3";
			developmentRegion = en;
			hasScannedForEncodings = 0;
			knownRegions = (
				en,
				Base,
			);
			mainGroup = D7B7110D23D58C4A00EF98DB;
			productRefGroup = D7B7111723D58C4A00EF98DB /* Products */;
			projectDirPath = "";
			projectRoot = "";
			targets = (
				D7B7111523D58C4A00EF98DB /* Fattmerchant-iOS-SDK-Sample */,
			);
		};
/* End PBXProject section */

/* Begin PBXResourcesBuildPhase section */
		D7B7111423D58C4A00EF98DB /* Resources */ = {
			isa = PBXResourcesBuildPhase;
			buildActionMask = 2147483647;
			files = (
				D7B7112423D58C4B00EF98DB /* LaunchScreen.storyboard in Resources */,
				D7B7112123D58C4B00EF98DB /* Assets.xcassets in Resources */,
				D7B7111F23D58C4A00EF98DB /* Main.storyboard in Resources */,
			);
			runOnlyForDeploymentPostprocessing = 0;
		};
/* End PBXResourcesBuildPhase section */

/* Begin PBXSourcesBuildPhase section */
		D7B7111223D58C4A00EF98DB /* Sources */ = {
			isa = PBXSourcesBuildPhase;
			buildActionMask = 2147483647;
			files = (
				D781037D23D959FA00256F2F /* TransactionPickerViewController.swift in Sources */,
				D7720E1F2412F53A0064DBDC /* SignatureViewController.swift in Sources */,
				D7B7111C23D58C4A00EF98DB /* ViewController.swift in Sources */,
				D781038223DA472400256F2F /* MobileReaderPickerController.swift in Sources */,
				D7B7111A23D58C4A00EF98DB /* AppDelegate.swift in Sources */,
			);
			runOnlyForDeploymentPostprocessing = 0;
		};
/* End PBXSourcesBuildPhase section */

/* Begin PBXVariantGroup section */
		D7B7111D23D58C4A00EF98DB /* Main.storyboard */ = {
			isa = PBXVariantGroup;
			children = (
				D7B7111E23D58C4A00EF98DB /* Base */,
			);
			name = Main.storyboard;
			sourceTree = "<group>";
		};
		D7B7112223D58C4B00EF98DB /* LaunchScreen.storyboard */ = {
			isa = PBXVariantGroup;
			children = (
				D7B7112323D58C4B00EF98DB /* Base */,
			);
			name = LaunchScreen.storyboard;
			sourceTree = "<group>";
		};
/* End PBXVariantGroup section */

/* Begin XCBuildConfiguration section */
		D7B7112623D58C4B00EF98DB /* Debug */ = {
			isa = XCBuildConfiguration;
			buildSettings = {
				ALWAYS_SEARCH_USER_PATHS = NO;
				CLANG_ANALYZER_NONNULL = YES;
				CLANG_ANALYZER_NUMBER_OBJECT_CONVERSION = YES_AGGRESSIVE;
				CLANG_CXX_LANGUAGE_STANDARD = "gnu++14";
				CLANG_CXX_LIBRARY = "libc++";
				CLANG_ENABLE_MODULES = YES;
				CLANG_ENABLE_OBJC_ARC = YES;
				CLANG_ENABLE_OBJC_WEAK = YES;
				CLANG_WARN_BLOCK_CAPTURE_AUTORELEASING = YES;
				CLANG_WARN_BOOL_CONVERSION = YES;
				CLANG_WARN_COMMA = YES;
				CLANG_WARN_CONSTANT_CONVERSION = YES;
				CLANG_WARN_DEPRECATED_OBJC_IMPLEMENTATIONS = YES;
				CLANG_WARN_DIRECT_OBJC_ISA_USAGE = YES_ERROR;
				CLANG_WARN_DOCUMENTATION_COMMENTS = YES;
				CLANG_WARN_EMPTY_BODY = YES;
				CLANG_WARN_ENUM_CONVERSION = YES;
				CLANG_WARN_INFINITE_RECURSION = YES;
				CLANG_WARN_INT_CONVERSION = YES;
				CLANG_WARN_NON_LITERAL_NULL_CONVERSION = YES;
				CLANG_WARN_OBJC_IMPLICIT_RETAIN_SELF = YES;
				CLANG_WARN_OBJC_LITERAL_CONVERSION = YES;
				CLANG_WARN_OBJC_ROOT_CLASS = YES_ERROR;
				CLANG_WARN_RANGE_LOOP_ANALYSIS = YES;
				CLANG_WARN_STRICT_PROTOTYPES = YES;
				CLANG_WARN_SUSPICIOUS_MOVE = YES;
				CLANG_WARN_UNGUARDED_AVAILABILITY = YES_AGGRESSIVE;
				CLANG_WARN_UNREACHABLE_CODE = YES;
				CLANG_WARN__DUPLICATE_METHOD_MATCH = YES;
				CODE_SIGN_IDENTITY = "iPhone Developer";
				COPY_PHASE_STRIP = NO;
				DEBUG_INFORMATION_FORMAT = dwarf;
				ENABLE_STRICT_OBJC_MSGSEND = YES;
				ENABLE_TESTABILITY = YES;
				GCC_C_LANGUAGE_STANDARD = gnu11;
				GCC_DYNAMIC_NO_PIC = NO;
				GCC_NO_COMMON_BLOCKS = YES;
				GCC_OPTIMIZATION_LEVEL = 0;
				GCC_PREPROCESSOR_DEFINITIONS = (
					"DEBUG=1",
					"$(inherited)",
				);
				GCC_WARN_64_TO_32_BIT_CONVERSION = YES;
				GCC_WARN_ABOUT_RETURN_TYPE = YES_ERROR;
				GCC_WARN_UNDECLARED_SELECTOR = YES;
				GCC_WARN_UNINITIALIZED_AUTOS = YES_AGGRESSIVE;
				GCC_WARN_UNUSED_FUNCTION = YES;
				GCC_WARN_UNUSED_VARIABLE = YES;
				IPHONEOS_DEPLOYMENT_TARGET = 12.4;
				MTL_ENABLE_DEBUG_INFO = INCLUDE_SOURCE;
				MTL_FAST_MATH = YES;
				ONLY_ACTIVE_ARCH = YES;
				SDKROOT = iphoneos;
				SWIFT_ACTIVE_COMPILATION_CONDITIONS = DEBUG;
				SWIFT_OPTIMIZATION_LEVEL = "-Onone";
			};
			name = Debug;
		};
		D7B7112723D58C4B00EF98DB /* Release */ = {
			isa = XCBuildConfiguration;
			buildSettings = {
				ALWAYS_SEARCH_USER_PATHS = NO;
				CLANG_ANALYZER_NONNULL = YES;
				CLANG_ANALYZER_NUMBER_OBJECT_CONVERSION = YES_AGGRESSIVE;
				CLANG_CXX_LANGUAGE_STANDARD = "gnu++14";
				CLANG_CXX_LIBRARY = "libc++";
				CLANG_ENABLE_MODULES = YES;
				CLANG_ENABLE_OBJC_ARC = YES;
				CLANG_ENABLE_OBJC_WEAK = YES;
				CLANG_WARN_BLOCK_CAPTURE_AUTORELEASING = YES;
				CLANG_WARN_BOOL_CONVERSION = YES;
				CLANG_WARN_COMMA = YES;
				CLANG_WARN_CONSTANT_CONVERSION = YES;
				CLANG_WARN_DEPRECATED_OBJC_IMPLEMENTATIONS = YES;
				CLANG_WARN_DIRECT_OBJC_ISA_USAGE = YES_ERROR;
				CLANG_WARN_DOCUMENTATION_COMMENTS = YES;
				CLANG_WARN_EMPTY_BODY = YES;
				CLANG_WARN_ENUM_CONVERSION = YES;
				CLANG_WARN_INFINITE_RECURSION = YES;
				CLANG_WARN_INT_CONVERSION = YES;
				CLANG_WARN_NON_LITERAL_NULL_CONVERSION = YES;
				CLANG_WARN_OBJC_IMPLICIT_RETAIN_SELF = YES;
				CLANG_WARN_OBJC_LITERAL_CONVERSION = YES;
				CLANG_WARN_OBJC_ROOT_CLASS = YES_ERROR;
				CLANG_WARN_RANGE_LOOP_ANALYSIS = YES;
				CLANG_WARN_STRICT_PROTOTYPES = YES;
				CLANG_WARN_SUSPICIOUS_MOVE = YES;
				CLANG_WARN_UNGUARDED_AVAILABILITY = YES_AGGRESSIVE;
				CLANG_WARN_UNREACHABLE_CODE = YES;
				CLANG_WARN__DUPLICATE_METHOD_MATCH = YES;
				CODE_SIGN_IDENTITY = "iPhone Developer";
				COPY_PHASE_STRIP = NO;
				DEBUG_INFORMATION_FORMAT = "dwarf-with-dsym";
				ENABLE_NS_ASSERTIONS = NO;
				ENABLE_STRICT_OBJC_MSGSEND = YES;
				GCC_C_LANGUAGE_STANDARD = gnu11;
				GCC_NO_COMMON_BLOCKS = YES;
				GCC_WARN_64_TO_32_BIT_CONVERSION = YES;
				GCC_WARN_ABOUT_RETURN_TYPE = YES_ERROR;
				GCC_WARN_UNDECLARED_SELECTOR = YES;
				GCC_WARN_UNINITIALIZED_AUTOS = YES_AGGRESSIVE;
				GCC_WARN_UNUSED_FUNCTION = YES;
				GCC_WARN_UNUSED_VARIABLE = YES;
				IPHONEOS_DEPLOYMENT_TARGET = 12.4;
				MTL_ENABLE_DEBUG_INFO = NO;
				MTL_FAST_MATH = YES;
				SDKROOT = iphoneos;
				SWIFT_COMPILATION_MODE = wholemodule;
				SWIFT_OPTIMIZATION_LEVEL = "-O";
				VALIDATE_PRODUCT = YES;
			};
			name = Release;
		};
		D7B7112923D58C4B00EF98DB /* Debug */ = {
			isa = XCBuildConfiguration;
			buildSettings = {
				ASSETCATALOG_COMPILER_APPICON_NAME = AppIcon;
				CODE_SIGN_STYLE = Automatic;
				DEVELOPMENT_TEAM = DYRYDWJYX5;
				ENABLE_BITCODE = NO;
				INFOPLIST_FILE = "Fattmerchant-iOS-SDK-Sample/Info.plist";
				LD_RUNPATH_SEARCH_PATHS = (
					"$(inherited)",
					"@executable_path/Frameworks",
				);
				PRODUCT_BUNDLE_IDENTIFIER = "com.fattmerchant.Fattmerchant-iOS-SDK-Sample";
				PRODUCT_NAME = "$(TARGET_NAME)";
				SWIFT_VERSION = 5.0;
				TARGETED_DEVICE_FAMILY = "1,2";
			};
			name = Debug;
		};
		D7B7112A23D58C4B00EF98DB /* Release */ = {
			isa = XCBuildConfiguration;
			buildSettings = {
				ASSETCATALOG_COMPILER_APPICON_NAME = AppIcon;
				CODE_SIGN_STYLE = Automatic;
				DEVELOPMENT_TEAM = DYRYDWJYX5;
				ENABLE_BITCODE = NO;
				INFOPLIST_FILE = "Fattmerchant-iOS-SDK-Sample/Info.plist";
				LD_RUNPATH_SEARCH_PATHS = (
					"$(inherited)",
					"@executable_path/Frameworks",
				);
				PRODUCT_BUNDLE_IDENTIFIER = "com.fattmerchant.Fattmerchant-iOS-SDK-Sample";
				PRODUCT_NAME = "$(TARGET_NAME)";
				SWIFT_VERSION = 5.0;
				TARGETED_DEVICE_FAMILY = "1,2";
			};
			name = Release;
		};
/* End XCBuildConfiguration section */

/* Begin XCConfigurationList section */
		D7B7111123D58C4A00EF98DB /* Build configuration list for PBXProject "Fattmerchant-iOS-SDK-Sample" */ = {
			isa = XCConfigurationList;
			buildConfigurations = (
				D7B7112623D58C4B00EF98DB /* Debug */,
				D7B7112723D58C4B00EF98DB /* Release */,
			);
			defaultConfigurationIsVisible = 0;
			defaultConfigurationName = Release;
		};
		D7B7112823D58C4B00EF98DB /* Build configuration list for PBXNativeTarget "Fattmerchant-iOS-SDK-Sample" */ = {
			isa = XCConfigurationList;
			buildConfigurations = (
				D7B7112923D58C4B00EF98DB /* Debug */,
				D7B7112A23D58C4B00EF98DB /* Release */,
			);
			defaultConfigurationIsVisible = 0;
			defaultConfigurationName = Release;
		};
/* End XCConfigurationList section */
	};
	rootObject = D7B7110E23D58C4A00EF98DB /* Project object */;
}
